
Microsoft Visual Studio Solution File, Format Version 12.00
# Visual Studio Version 16
VisualStudioVersion = 16.0.30413.136
MinimumVisualStudioVersion = 10.0.40219.1
Project("{8BC9CEB8-8B4A-11D0-8D11-00A0C91BC942}") = "Boj2557", "Boj2557\Boj2557.vcxproj", "{0026AD25-B137-420C-91CD-49D2597434BB}"
EndProject
Project("{8BC9CEB8-8B4A-11D0-8D11-00A0C91BC942}") = "Boj1000", "Boj1000\Boj1000.vcxproj", "{71CD3D31-5C33-4FF3-A525-41EFD09540B8}"
EndProject
Project("{8BC9CEB8-8B4A-11D0-8D11-00A0C91BC942}") = "Boj2558", "Boj2558\Boj2558.vcxproj", "{E82EB37D-0201-493D-A10E-30D0F468FB40}"
EndProject
Project("{8BC9CEB8-8B4A-11D0-8D11-00A0C91BC942}") = "Boj10950", "Boj10950\Boj10950.vcxproj", "{91C217CA-A6CF-4FDB-82BD-874A8191931F}"
EndProject
Project("{8BC9CEB8-8B4A-11D0-8D11-00A0C91BC942}") = "Boj10951", "Boj10951\Boj10951.vcxproj", "{38FBE159-02ED-48BB-B774-8E887F1B8BC4}"
EndProject
Project("{8BC9CEB8-8B4A-11D0-8D11-00A0C91BC942}") = "Boj10952", "Boj10952\Boj10952.vcxproj", "{34EE3DF5-CFE8-4F8A-8C3D-BD71FB0F2EE9}"
EndProject
Project("{8BC9CEB8-8B4A-11D0-8D11-00A0C91BC942}") = "Boj10953", "Boj10953\Boj10953.vcxproj", "{A6E84BDC-A3E2-46C0-A748-2C3D84F5DF0E}"
EndProject
Project("{8BC9CEB8-8B4A-11D0-8D11-00A0C91BC942}") = "Boj11021", "Boj11021\Boj11021.vcxproj", "{39AB551E-832F-4374-8E9D-6C92125A70DE}"
EndProject
Project("{8BC9CEB8-8B4A-11D0-8D11-00A0C91BC942}") = "Boj11022", "Boj11022\Boj11022.vcxproj", "{D568BF5F-6122-4197-9FCF-5900A8EA4C86}"
EndProject
Project("{8BC9CEB8-8B4A-11D0-8D11-00A0C91BC942}") = "Boj11718", "Boj11718\Boj11718.vcxproj", "{A202A65F-EF14-47A3-AB57-2ACF12EAB804}"
EndProject
Project("{8BC9CEB8-8B4A-11D0-8D11-00A0C91BC942}") = "Boj11719", "Boj11719\Boj11719.vcxproj", "{65F38C50-2E2A-4232-B9B2-655E6FBE8765}"
EndProject
Project("{8BC9CEB8-8B4A-11D0-8D11-00A0C91BC942}") = "Boj11720", "Boj11720\Boj11720.vcxproj", "{3896A4EC-648F-437F-A786-FA7D26CEC8BE}"
EndProject
Project("{8BC9CEB8-8B4A-11D0-8D11-00A0C91BC942}") = "Boj11721", "Boj11721\Boj11721.vcxproj", "{C7D0457F-5E5F-43B4-82DE-FE274B52F4AA}"
EndProject
Global
	GlobalSection(SolutionConfigurationPlatforms) = preSolution
		Debug|x64 = Debug|x64
		Debug|x86 = Debug|x86
		Release|x64 = Release|x64
		Release|x86 = Release|x86
	EndGlobalSection
	GlobalSection(ProjectConfigurationPlatforms) = postSolution
		{0026AD25-B137-420C-91CD-49D2597434BB}.Debug|x64.ActiveCfg = Debug|x64
		{0026AD25-B137-420C-91CD-49D2597434BB}.Debug|x64.Build.0 = Debug|x64
		{0026AD25-B137-420C-91CD-49D2597434BB}.Debug|x86.ActiveCfg = Debug|Win32
		{0026AD25-B137-420C-91CD-49D2597434BB}.Debug|x86.Build.0 = Debug|Win32
		{0026AD25-B137-420C-91CD-49D2597434BB}.Release|x64.ActiveCfg = Release|x64
		{0026AD25-B137-420C-91CD-49D2597434BB}.Release|x64.Build.0 = Release|x64
		{0026AD25-B137-420C-91CD-49D2597434BB}.Release|x86.ActiveCfg = Release|Win32
		{0026AD25-B137-420C-91CD-49D2597434BB}.Release|x86.Build.0 = Release|Win32
		{71CD3D31-5C33-4FF3-A525-41EFD09540B8}.Debug|x64.ActiveCfg = Debug|x64
		{71CD3D31-5C33-4FF3-A525-41EFD09540B8}.Debug|x64.Build.0 = Debug|x64
		{71CD3D31-5C33-4FF3-A525-41EFD09540B8}.Debug|x86.ActiveCfg = Debug|Win32
		{71CD3D31-5C33-4FF3-A525-41EFD09540B8}.Debug|x86.Build.0 = Debug|Win32
		{71CD3D31-5C33-4FF3-A525-41EFD09540B8}.Release|x64.ActiveCfg = Release|x64
		{71CD3D31-5C33-4FF3-A525-41EFD09540B8}.Release|x64.Build.0 = Release|x64
		{71CD3D31-5C33-4FF3-A525-41EFD09540B8}.Release|x86.ActiveCfg = Release|Win32
		{71CD3D31-5C33-4FF3-A525-41EFD09540B8}.Release|x86.Build.0 = Release|Win32
		{E82EB37D-0201-493D-A10E-30D0F468FB40}.Debug|x64.ActiveCfg = Debug|x64
		{E82EB37D-0201-493D-A10E-30D0F468FB40}.Debug|x64.Build.0 = Debug|x64
		{E82EB37D-0201-493D-A10E-30D0F468FB40}.Debug|x86.ActiveCfg = Debug|Win32
		{E82EB37D-0201-493D-A10E-30D0F468FB40}.Debug|x86.Build.0 = Debug|Win32
		{E82EB37D-0201-493D-A10E-30D0F468FB40}.Release|x64.ActiveCfg = Release|x64
		{E82EB37D-0201-493D-A10E-30D0F468FB40}.Release|x64.Build.0 = Release|x64
		{E82EB37D-0201-493D-A10E-30D0F468FB40}.Release|x86.ActiveCfg = Release|Win32
		{E82EB37D-0201-493D-A10E-30D0F468FB40}.Release|x86.Build.0 = Release|Win32
		{91C217CA-A6CF-4FDB-82BD-874A8191931F}.Debug|x64.ActiveCfg = Debug|x64
		{91C217CA-A6CF-4FDB-82BD-874A8191931F}.Debug|x64.Build.0 = Debug|x64
		{91C217CA-A6CF-4FDB-82BD-874A8191931F}.Debug|x86.ActiveCfg = Debug|Win32
		{91C217CA-A6CF-4FDB-82BD-874A8191931F}.Debug|x86.Build.0 = Debug|Win32
		{91C217CA-A6CF-4FDB-82BD-874A8191931F}.Release|x64.ActiveCfg = Release|x64
		{91C217CA-A6CF-4FDB-82BD-874A8191931F}.Release|x64.Build.0 = Release|x64
		{91C217CA-A6CF-4FDB-82BD-874A8191931F}.Release|x86.ActiveCfg = Release|Win32
		{91C217CA-A6CF-4FDB-82BD-874A8191931F}.Release|x86.Build.0 = Release|Win32
		{38FBE159-02ED-48BB-B774-8E887F1B8BC4}.Debug|x64.ActiveCfg = Debug|x64
		{38FBE159-02ED-48BB-B774-8E887F1B8BC4}.Debug|x64.Build.0 = Debug|x64
		{38FBE159-02ED-48BB-B774-8E887F1B8BC4}.Debug|x86.ActiveCfg = Debug|Win32
		{38FBE159-02ED-48BB-B774-8E887F1B8BC4}.Debug|x86.Build.0 = Debug|Win32
		{38FBE159-02ED-48BB-B774-8E887F1B8BC4}.Release|x64.ActiveCfg = Release|x64
		{38FBE159-02ED-48BB-B774-8E887F1B8BC4}.Release|x64.Build.0 = Release|x64
		{38FBE159-02ED-48BB-B774-8E887F1B8BC4}.Release|x86.ActiveCfg = Release|Win32
		{38FBE159-02ED-48BB-B774-8E887F1B8BC4}.Release|x86.Build.0 = Release|Win32
		{34EE3DF5-CFE8-4F8A-8C3D-BD71FB0F2EE9}.Debug|x64.ActiveCfg = Debug|x64
		{34EE3DF5-CFE8-4F8A-8C3D-BD71FB0F2EE9}.Debug|x64.Build.0 = Debug|x64
		{34EE3DF5-CFE8-4F8A-8C3D-BD71FB0F2EE9}.Debug|x86.ActiveCfg = Debug|Win32
		{34EE3DF5-CFE8-4F8A-8C3D-BD71FB0F2EE9}.Debug|x86.Build.0 = Debug|Win32
		{34EE3DF5-CFE8-4F8A-8C3D-BD71FB0F2EE9}.Release|x64.ActiveCfg = Release|x64
		{34EE3DF5-CFE8-4F8A-8C3D-BD71FB0F2EE9}.Release|x64.Build.0 = Release|x64
		{34EE3DF5-CFE8-4F8A-8C3D-BD71FB0F2EE9}.Release|x86.ActiveCfg = Release|Win32
		{34EE3DF5-CFE8-4F8A-8C3D-BD71FB0F2EE9}.Release|x86.Build.0 = Release|Win32
		{A6E84BDC-A3E2-46C0-A748-2C3D84F5DF0E}.Debug|x64.ActiveCfg = Debug|x64
		{A6E84BDC-A3E2-46C0-A748-2C3D84F5DF0E}.Debug|x64.Build.0 = Debug|x64
		{A6E84BDC-A3E2-46C0-A748-2C3D84F5DF0E}.Debug|x86.ActiveCfg = Debug|Win32
		{A6E84BDC-A3E2-46C0-A748-2C3D84F5DF0E}.Debug|x86.Build.0 = Debug|Win32
		{A6E84BDC-A3E2-46C0-A748-2C3D84F5DF0E}.Release|x64.ActiveCfg = Release|x64
		{A6E84BDC-A3E2-46C0-A748-2C3D84F5DF0E}.Release|x64.Build.0 = Release|x64
		{A6E84BDC-A3E2-46C0-A748-2C3D84F5DF0E}.Release|x86.ActiveCfg = Release|Win32
		{A6E84BDC-A3E2-46C0-A748-2C3D84F5DF0E}.Release|x86.Build.0 = Release|Win32
		{39AB551E-832F-4374-8E9D-6C92125A70DE}.Debug|x64.ActiveCfg = Debug|x64
		{39AB551E-832F-4374-8E9D-6C92125A70DE}.Debug|x64.Build.0 = Debug|x64
		{39AB551E-832F-4374-8E9D-6C92125A70DE}.Debug|x86.ActiveCfg = Debug|Win32
		{39AB551E-832F-4374-8E9D-6C92125A70DE}.Debug|x86.Build.0 = Debug|Win32
		{39AB551E-832F-4374-8E9D-6C92125A70DE}.Release|x64.ActiveCfg = Release|x64
		{39AB551E-832F-4374-8E9D-6C92125A70DE}.Release|x64.Build.0 = Release|x64
		{39AB551E-832F-4374-8E9D-6C92125A70DE}.Release|x86.ActiveCfg = Release|Win32
		{39AB551E-832F-4374-8E9D-6C92125A70DE}.Release|x86.Build.0 = Release|Win32
		{D568BF5F-6122-4197-9FCF-5900A8EA4C86}.Debug|x64.ActiveCfg = Debug|x64
		{D568BF5F-6122-4197-9FCF-5900A8EA4C86}.Debug|x64.Build.0 = Debug|x64
		{D568BF5F-6122-4197-9FCF-5900A8EA4C86}.Debug|x86.ActiveCfg = Debug|Win32
		{D568BF5F-6122-4197-9FCF-5900A8EA4C86}.Debug|x86.Build.0 = Debug|Win32
		{D568BF5F-6122-4197-9FCF-5900A8EA4C86}.Release|x64.ActiveCfg = Release|x64
		{D568BF5F-6122-4197-9FCF-5900A8EA4C86}.Release|x64.Build.0 = Release|x64
		{D568BF5F-6122-4197-9FCF-5900A8EA4C86}.Release|x86.ActiveCfg = Release|Win32
		{D568BF5F-6122-4197-9FCF-5900A8EA4C86}.Release|x86.Build.0 = Release|Win32
		{A202A65F-EF14-47A3-AB57-2ACF12EAB804}.Debug|x64.ActiveCfg = Debug|x64
		{A202A65F-EF14-47A3-AB57-2ACF12EAB804}.Debug|x64.Build.0 = Debug|x64
		{A202A65F-EF14-47A3-AB57-2ACF12EAB804}.Debug|x86.ActiveCfg = Debug|Win32
		{A202A65F-EF14-47A3-AB57-2ACF12EAB804}.Debug|x86.Build.0 = Debug|Win32
		{A202A65F-EF14-47A3-AB57-2ACF12EAB804}.Release|x64.ActiveCfg = Release|x64
		{A202A65F-EF14-47A3-AB57-2ACF12EAB804}.Release|x64.Build.0 = Release|x64
		{A202A65F-EF14-47A3-AB57-2ACF12EAB804}.Release|x86.ActiveCfg = Release|Win32
		{A202A65F-EF14-47A3-AB57-2ACF12EAB804}.Release|x86.Build.0 = Release|Win32
		{65F38C50-2E2A-4232-B9B2-655E6FBE8765}.Debug|x64.ActiveCfg = Debug|x64
		{65F38C50-2E2A-4232-B9B2-655E6FBE8765}.Debug|x64.Build.0 = Debug|x64
		{65F38C50-2E2A-4232-B9B2-655E6FBE8765}.Debug|x86.ActiveCfg = Debug|Win32
		{65F38C50-2E2A-4232-B9B2-655E6FBE8765}.Debug|x86.Build.0 = Debug|Win32
		{65F38C50-2E2A-4232-B9B2-655E6FBE8765}.Release|x64.ActiveCfg = Release|x64
		{65F38C50-2E2A-4232-B9B2-655E6FBE8765}.Release|x64.Build.0 = Release|x64
		{65F38C50-2E2A-4232-B9B2-655E6FBE8765}.Release|x86.ActiveCfg = Release|Win32
		{65F38C50-2E2A-4232-B9B2-655E6FBE8765}.Release|x86.Build.0 = Release|Win32
		{3896A4EC-648F-437F-A786-FA7D26CEC8BE}.Debug|x64.ActiveCfg = Debug|x64
		{3896A4EC-648F-437F-A786-FA7D26CEC8BE}.Debug|x64.Build.0 = Debug|x64
		{3896A4EC-648F-437F-A786-FA7D26CEC8BE}.Debug|x86.ActiveCfg = Debug|Win32
		{3896A4EC-648F-437F-A786-FA7D26CEC8BE}.Debug|x86.Build.0 = Debug|Win32
		{3896A4EC-648F-437F-A786-FA7D26CEC8BE}.Release|x64.ActiveCfg = Release|x64
		{3896A4EC-648F-437F-A786-FA7D26CEC8BE}.Release|x64.Build.0 = Release|x64
		{3896A4EC-648F-437F-A786-FA7D26CEC8BE}.Release|x86.ActiveCfg = Release|Win32
		{3896A4EC-648F-437F-A786-FA7D26CEC8BE}.Release|x86.Build.0 = Release|Win32
		{C7D0457F-5E5F-43B4-82DE-FE274B52F4AA}.Debug|x64.ActiveCfg = Debug|x64
		{C7D0457F-5E5F-43B4-82DE-FE274B52F4AA}.Debug|x64.Build.0 = Debug|x64
		{C7D0457F-5E5F-43B4-82DE-FE274B52F4AA}.Debug|x86.ActiveCfg = Debug|Win32
		{C7D0457F-5E5F-43B4-82DE-FE274B52F4AA}.Debug|x86.Build.0 = Debug|Win32
		{C7D0457F-5E5F-43B4-82DE-FE274B52F4AA}.Release|x64.ActiveCfg = Release|x64
		{C7D0457F-5E5F-43B4-82DE-FE274B52F4AA}.Release|x64.Build.0 = Release|x64
		{C7D0457F-5E5F-43B4-82DE-FE274B52F4AA}.Release|x86.ActiveCfg = Release|Win32
		{C7D0457F-5E5F-43B4-82DE-FE274B52F4AA}.Release|x86.Build.0 = Release|Win32
	EndGlobalSection
	GlobalSection(SolutionProperties) = preSolution
		HideSolutionNode = FALSE
	EndGlobalSection
	GlobalSection(ExtensibilityGlobals) = postSolution
		SolutionGuid = {22DC77B0-DE4D-4BDC-84B8-9343ED875BF9}
	EndGlobalSection
EndGlobal
