
Microsoft Visual Studio Solution File, Format Version 12.00
# Visual Studio Version 16
VisualStudioVersion = 16.0.30413.136
MinimumVisualStudioVersion = 10.0.40219.1
Project("{8BC9CEB8-8B4A-11D0-8D11-00A0C91BC942}") = "Boj2751", "Project1\Project1.vcxproj", "{87F68CCA-DBF0-4D07-8076-E7F4293FA0AE}"
EndProject
Project("{8BC9CEB8-8B4A-11D0-8D11-00A0C91BC942}") = "Boj2751_2", "Boj2751_2\Boj2751_2.vcxproj", "{2836CE29-2983-4623-A354-7155A643E9EA}"
EndProject
Project("{8BC9CEB8-8B4A-11D0-8D11-00A0C91BC942}") = "Boj2751_3", "Boj2751_3\Boj2751_3.vcxproj", "{FE4CD2F1-F9D4-4087-B184-2ECCB0CF8BB8}"
EndProject
Project("{8BC9CEB8-8B4A-11D0-8D11-00A0C91BC942}") = "Boj2751_4", "Boj2751_4\Boj2751_4.vcxproj", "{11630B10-CB92-4AE2-927A-322BB3E86FF7}"
EndProject
Project("{8BC9CEB8-8B4A-11D0-8D11-00A0C91BC942}") = "Boj11650", "Boj11650\Boj11650.vcxproj", "{E159EDE6-96DA-49F5-AA0F-5E0CFD5303D3}"
EndProject
Project("{8BC9CEB8-8B4A-11D0-8D11-00A0C91BC942}") = "Boj11651", "Boj11651\Boj11651.vcxproj", "{09E01257-F536-4A08-B195-B448649FA974}"
EndProject
Project("{8BC9CEB8-8B4A-11D0-8D11-00A0C91BC942}") = "Boj10814", "Boj10814\Boj10814.vcxproj", "{DC934F21-8D8E-42B0-B4D8-14725D46656E}"
EndProject
Project("{8BC9CEB8-8B4A-11D0-8D11-00A0C91BC942}") = "Boj10989", "Boj10989\Boj10989.vcxproj", "{5E9F4DBB-EAC1-45F9-9E7D-290C9CEDE987}"
EndProject
Project("{8BC9CEB8-8B4A-11D0-8D11-00A0C91BC942}") = "Boj10825", "Boj10825\Boj10825.vcxproj", "{58A55916-66CF-40AA-8877-825384AE42E3}"
EndProject
Project("{8BC9CEB8-8B4A-11D0-8D11-00A0C91BC942}") = "Boj11652", "Boj11652\Boj11652.vcxproj", "{AB2FA9FD-1538-4AF4-84A6-92A700CAAB8A}"
EndProject
Project("{8BC9CEB8-8B4A-11D0-8D11-00A0C91BC942}") = "Boj11652_2", "Boj11652_2\Boj11652_2.vcxproj", "{2BB79098-16E1-412C-9F22-D8BE3A5E52E5}"
EndProject
Project("{8BC9CEB8-8B4A-11D0-8D11-00A0C91BC942}") = "Boj11004", "Boj11004\Boj11004.vcxproj", "{DA173A39-0726-40CC-ACB3-38D2AC4F0624}"
EndProject
Project("{8BC9CEB8-8B4A-11D0-8D11-00A0C91BC942}") = "Boj10828", "Boj10828\Boj10828.vcxproj", "{C93F7D94-E38E-438A-AE8B-7F91452E780A}"
EndProject
Project("{8BC9CEB8-8B4A-11D0-8D11-00A0C91BC942}") = "Boj9012", "Boj9012\Boj9012.vcxproj", "{06D07910-D374-4E7B-87B7-DBACFC9FFB43}"
EndProject
Project("{8BC9CEB8-8B4A-11D0-8D11-00A0C91BC942}") = "Boj10799", "Boj10799\Boj10799.vcxproj", "{85FBBAD1-E403-40D2-A3DF-4E16544DF3D2}"
EndProject
Project("{8BC9CEB8-8B4A-11D0-8D11-00A0C91BC942}") = "Boj10845", "Boj10845\Boj10845.vcxproj", "{8BDB0077-E9A4-4A53-B0D1-91A7B400F9AA}"
EndProject
Project("{8BC9CEB8-8B4A-11D0-8D11-00A0C91BC942}") = "Boj10866", "Boj10866\Boj10866.vcxproj", "{0A8DAF0E-11DA-42ED-8BC0-766295EA4AFB}"
EndProject
Project("{8BC9CEB8-8B4A-11D0-8D11-00A0C91BC942}") = "Boj10808", "Boj10808\Boj10808.vcxproj", "{722474CC-0D4C-4FCA-9042-1540C688BFA7}"
EndProject
Project("{8BC9CEB8-8B4A-11D0-8D11-00A0C91BC942}") = "Boj10809", "Boj10809\Boj10809.vcxproj", "{6C4A18CB-5C4A-4C28-8311-E9EFD590C07E}"
EndProject
Project("{8BC9CEB8-8B4A-11D0-8D11-00A0C91BC942}") = "Boj10820", "Boj10820\Boj10820.vcxproj", "{1518DC55-E34D-4E1C-A2A4-CD4EFD28BABE}"
EndProject
Project("{8BC9CEB8-8B4A-11D0-8D11-00A0C91BC942}") = "Boj2743", "Boj2743\Boj2743.vcxproj", "{A72C222C-CAE3-4CB1-B631-322BD08E257E}"
EndProject
Project("{8BC9CEB8-8B4A-11D0-8D11-00A0C91BC942}") = "Boj11655", "Boj11655\Boj11655.vcxproj", "{3F7CE8B4-5DE3-49D5-915A-174276A82AAB}"
EndProject
Project("{8BC9CEB8-8B4A-11D0-8D11-00A0C91BC942}") = "Boj10824", "Boj10824\Boj10824.vcxproj", "{CDA8FCAA-68FA-49E8-A883-FD6901631E35}"
EndProject
Project("{8BC9CEB8-8B4A-11D0-8D11-00A0C91BC942}") = "Boj11656", "Boj11656\Boj11656.vcxproj", "{C05FF339-C315-43F6-8E80-B04291A23338}"
EndProject
Project("{8BC9CEB8-8B4A-11D0-8D11-00A0C91BC942}") = "Boj1406", "Boj1406\Boj1406.vcxproj", "{C16E74BE-D681-40E7-9268-235E009F326C}"
EndProject
Global
	GlobalSection(SolutionConfigurationPlatforms) = preSolution
		Debug|x64 = Debug|x64
		Debug|x86 = Debug|x86
		Release|x64 = Release|x64
		Release|x86 = Release|x86
	EndGlobalSection
	GlobalSection(ProjectConfigurationPlatforms) = postSolution
		{87F68CCA-DBF0-4D07-8076-E7F4293FA0AE}.Debug|x64.ActiveCfg = Debug|x64
		{87F68CCA-DBF0-4D07-8076-E7F4293FA0AE}.Debug|x64.Build.0 = Debug|x64
		{87F68CCA-DBF0-4D07-8076-E7F4293FA0AE}.Debug|x86.ActiveCfg = Debug|Win32
		{87F68CCA-DBF0-4D07-8076-E7F4293FA0AE}.Debug|x86.Build.0 = Debug|Win32
		{87F68CCA-DBF0-4D07-8076-E7F4293FA0AE}.Release|x64.ActiveCfg = Release|x64
		{87F68CCA-DBF0-4D07-8076-E7F4293FA0AE}.Release|x64.Build.0 = Release|x64
		{87F68CCA-DBF0-4D07-8076-E7F4293FA0AE}.Release|x86.ActiveCfg = Release|Win32
		{87F68CCA-DBF0-4D07-8076-E7F4293FA0AE}.Release|x86.Build.0 = Release|Win32
		{2836CE29-2983-4623-A354-7155A643E9EA}.Debug|x64.ActiveCfg = Debug|x64
		{2836CE29-2983-4623-A354-7155A643E9EA}.Debug|x64.Build.0 = Debug|x64
		{2836CE29-2983-4623-A354-7155A643E9EA}.Debug|x86.ActiveCfg = Debug|Win32
		{2836CE29-2983-4623-A354-7155A643E9EA}.Debug|x86.Build.0 = Debug|Win32
		{2836CE29-2983-4623-A354-7155A643E9EA}.Release|x64.ActiveCfg = Release|x64
		{2836CE29-2983-4623-A354-7155A643E9EA}.Release|x64.Build.0 = Release|x64
		{2836CE29-2983-4623-A354-7155A643E9EA}.Release|x86.ActiveCfg = Release|Win32
		{2836CE29-2983-4623-A354-7155A643E9EA}.Release|x86.Build.0 = Release|Win32
		{FE4CD2F1-F9D4-4087-B184-2ECCB0CF8BB8}.Debug|x64.ActiveCfg = Debug|x64
		{FE4CD2F1-F9D4-4087-B184-2ECCB0CF8BB8}.Debug|x64.Build.0 = Debug|x64
		{FE4CD2F1-F9D4-4087-B184-2ECCB0CF8BB8}.Debug|x86.ActiveCfg = Debug|Win32
		{FE4CD2F1-F9D4-4087-B184-2ECCB0CF8BB8}.Debug|x86.Build.0 = Debug|Win32
		{FE4CD2F1-F9D4-4087-B184-2ECCB0CF8BB8}.Release|x64.ActiveCfg = Release|x64
		{FE4CD2F1-F9D4-4087-B184-2ECCB0CF8BB8}.Release|x64.Build.0 = Release|x64
		{FE4CD2F1-F9D4-4087-B184-2ECCB0CF8BB8}.Release|x86.ActiveCfg = Release|Win32
		{FE4CD2F1-F9D4-4087-B184-2ECCB0CF8BB8}.Release|x86.Build.0 = Release|Win32
		{11630B10-CB92-4AE2-927A-322BB3E86FF7}.Debug|x64.ActiveCfg = Debug|x64
		{11630B10-CB92-4AE2-927A-322BB3E86FF7}.Debug|x64.Build.0 = Debug|x64
		{11630B10-CB92-4AE2-927A-322BB3E86FF7}.Debug|x86.ActiveCfg = Debug|Win32
		{11630B10-CB92-4AE2-927A-322BB3E86FF7}.Debug|x86.Build.0 = Debug|Win32
		{11630B10-CB92-4AE2-927A-322BB3E86FF7}.Release|x64.ActiveCfg = Release|x64
		{11630B10-CB92-4AE2-927A-322BB3E86FF7}.Release|x64.Build.0 = Release|x64
		{11630B10-CB92-4AE2-927A-322BB3E86FF7}.Release|x86.ActiveCfg = Release|Win32
		{11630B10-CB92-4AE2-927A-322BB3E86FF7}.Release|x86.Build.0 = Release|Win32
		{E159EDE6-96DA-49F5-AA0F-5E0CFD5303D3}.Debug|x64.ActiveCfg = Debug|x64
		{E159EDE6-96DA-49F5-AA0F-5E0CFD5303D3}.Debug|x64.Build.0 = Debug|x64
		{E159EDE6-96DA-49F5-AA0F-5E0CFD5303D3}.Debug|x86.ActiveCfg = Debug|Win32
		{E159EDE6-96DA-49F5-AA0F-5E0CFD5303D3}.Debug|x86.Build.0 = Debug|Win32
		{E159EDE6-96DA-49F5-AA0F-5E0CFD5303D3}.Release|x64.ActiveCfg = Release|x64
		{E159EDE6-96DA-49F5-AA0F-5E0CFD5303D3}.Release|x64.Build.0 = Release|x64
		{E159EDE6-96DA-49F5-AA0F-5E0CFD5303D3}.Release|x86.ActiveCfg = Release|Win32
		{E159EDE6-96DA-49F5-AA0F-5E0CFD5303D3}.Release|x86.Build.0 = Release|Win32
		{09E01257-F536-4A08-B195-B448649FA974}.Debug|x64.ActiveCfg = Debug|x64
		{09E01257-F536-4A08-B195-B448649FA974}.Debug|x64.Build.0 = Debug|x64
		{09E01257-F536-4A08-B195-B448649FA974}.Debug|x86.ActiveCfg = Debug|Win32
		{09E01257-F536-4A08-B195-B448649FA974}.Debug|x86.Build.0 = Debug|Win32
		{09E01257-F536-4A08-B195-B448649FA974}.Release|x64.ActiveCfg = Release|x64
		{09E01257-F536-4A08-B195-B448649FA974}.Release|x64.Build.0 = Release|x64
		{09E01257-F536-4A08-B195-B448649FA974}.Release|x86.ActiveCfg = Release|Win32
		{09E01257-F536-4A08-B195-B448649FA974}.Release|x86.Build.0 = Release|Win32
		{DC934F21-8D8E-42B0-B4D8-14725D46656E}.Debug|x64.ActiveCfg = Debug|x64
		{DC934F21-8D8E-42B0-B4D8-14725D46656E}.Debug|x64.Build.0 = Debug|x64
		{DC934F21-8D8E-42B0-B4D8-14725D46656E}.Debug|x86.ActiveCfg = Debug|Win32
		{DC934F21-8D8E-42B0-B4D8-14725D46656E}.Debug|x86.Build.0 = Debug|Win32
		{DC934F21-8D8E-42B0-B4D8-14725D46656E}.Release|x64.ActiveCfg = Release|x64
		{DC934F21-8D8E-42B0-B4D8-14725D46656E}.Release|x64.Build.0 = Release|x64
		{DC934F21-8D8E-42B0-B4D8-14725D46656E}.Release|x86.ActiveCfg = Release|Win32
		{DC934F21-8D8E-42B0-B4D8-14725D46656E}.Release|x86.Build.0 = Release|Win32
		{5E9F4DBB-EAC1-45F9-9E7D-290C9CEDE987}.Debug|x64.ActiveCfg = Debug|x64
		{5E9F4DBB-EAC1-45F9-9E7D-290C9CEDE987}.Debug|x64.Build.0 = Debug|x64
		{5E9F4DBB-EAC1-45F9-9E7D-290C9CEDE987}.Debug|x86.ActiveCfg = Debug|Win32
		{5E9F4DBB-EAC1-45F9-9E7D-290C9CEDE987}.Debug|x86.Build.0 = Debug|Win32
		{5E9F4DBB-EAC1-45F9-9E7D-290C9CEDE987}.Release|x64.ActiveCfg = Release|x64
		{5E9F4DBB-EAC1-45F9-9E7D-290C9CEDE987}.Release|x64.Build.0 = Release|x64
		{5E9F4DBB-EAC1-45F9-9E7D-290C9CEDE987}.Release|x86.ActiveCfg = Release|Win32
		{5E9F4DBB-EAC1-45F9-9E7D-290C9CEDE987}.Release|x86.Build.0 = Release|Win32
		{58A55916-66CF-40AA-8877-825384AE42E3}.Debug|x64.ActiveCfg = Debug|x64
		{58A55916-66CF-40AA-8877-825384AE42E3}.Debug|x64.Build.0 = Debug|x64
		{58A55916-66CF-40AA-8877-825384AE42E3}.Debug|x86.ActiveCfg = Debug|Win32
		{58A55916-66CF-40AA-8877-825384AE42E3}.Debug|x86.Build.0 = Debug|Win32
		{58A55916-66CF-40AA-8877-825384AE42E3}.Release|x64.ActiveCfg = Release|x64
		{58A55916-66CF-40AA-8877-825384AE42E3}.Release|x64.Build.0 = Release|x64
		{58A55916-66CF-40AA-8877-825384AE42E3}.Release|x86.ActiveCfg = Release|Win32
		{58A55916-66CF-40AA-8877-825384AE42E3}.Release|x86.Build.0 = Release|Win32
		{AB2FA9FD-1538-4AF4-84A6-92A700CAAB8A}.Debug|x64.ActiveCfg = Debug|x64
		{AB2FA9FD-1538-4AF4-84A6-92A700CAAB8A}.Debug|x64.Build.0 = Debug|x64
		{AB2FA9FD-1538-4AF4-84A6-92A700CAAB8A}.Debug|x86.ActiveCfg = Debug|Win32
		{AB2FA9FD-1538-4AF4-84A6-92A700CAAB8A}.Debug|x86.Build.0 = Debug|Win32
		{AB2FA9FD-1538-4AF4-84A6-92A700CAAB8A}.Release|x64.ActiveCfg = Release|x64
		{AB2FA9FD-1538-4AF4-84A6-92A700CAAB8A}.Release|x64.Build.0 = Release|x64
		{AB2FA9FD-1538-4AF4-84A6-92A700CAAB8A}.Release|x86.ActiveCfg = Release|Win32
		{AB2FA9FD-1538-4AF4-84A6-92A700CAAB8A}.Release|x86.Build.0 = Release|Win32
		{2BB79098-16E1-412C-9F22-D8BE3A5E52E5}.Debug|x64.ActiveCfg = Debug|x64
		{2BB79098-16E1-412C-9F22-D8BE3A5E52E5}.Debug|x64.Build.0 = Debug|x64
		{2BB79098-16E1-412C-9F22-D8BE3A5E52E5}.Debug|x86.ActiveCfg = Debug|Win32
		{2BB79098-16E1-412C-9F22-D8BE3A5E52E5}.Debug|x86.Build.0 = Debug|Win32
		{2BB79098-16E1-412C-9F22-D8BE3A5E52E5}.Release|x64.ActiveCfg = Release|x64
		{2BB79098-16E1-412C-9F22-D8BE3A5E52E5}.Release|x64.Build.0 = Release|x64
		{2BB79098-16E1-412C-9F22-D8BE3A5E52E5}.Release|x86.ActiveCfg = Release|Win32
		{2BB79098-16E1-412C-9F22-D8BE3A5E52E5}.Release|x86.Build.0 = Release|Win32
		{DA173A39-0726-40CC-ACB3-38D2AC4F0624}.Debug|x64.ActiveCfg = Debug|x64
		{DA173A39-0726-40CC-ACB3-38D2AC4F0624}.Debug|x64.Build.0 = Debug|x64
		{DA173A39-0726-40CC-ACB3-38D2AC4F0624}.Debug|x86.ActiveCfg = Debug|Win32
		{DA173A39-0726-40CC-ACB3-38D2AC4F0624}.Debug|x86.Build.0 = Debug|Win32
		{DA173A39-0726-40CC-ACB3-38D2AC4F0624}.Release|x64.ActiveCfg = Release|x64
		{DA173A39-0726-40CC-ACB3-38D2AC4F0624}.Release|x64.Build.0 = Release|x64
		{DA173A39-0726-40CC-ACB3-38D2AC4F0624}.Release|x86.ActiveCfg = Release|Win32
		{DA173A39-0726-40CC-ACB3-38D2AC4F0624}.Release|x86.Build.0 = Release|Win32
		{C93F7D94-E38E-438A-AE8B-7F91452E780A}.Debug|x64.ActiveCfg = Debug|x64
		{C93F7D94-E38E-438A-AE8B-7F91452E780A}.Debug|x64.Build.0 = Debug|x64
		{C93F7D94-E38E-438A-AE8B-7F91452E780A}.Debug|x86.ActiveCfg = Debug|Win32
		{C93F7D94-E38E-438A-AE8B-7F91452E780A}.Debug|x86.Build.0 = Debug|Win32
		{C93F7D94-E38E-438A-AE8B-7F91452E780A}.Release|x64.ActiveCfg = Release|x64
		{C93F7D94-E38E-438A-AE8B-7F91452E780A}.Release|x64.Build.0 = Release|x64
		{C93F7D94-E38E-438A-AE8B-7F91452E780A}.Release|x86.ActiveCfg = Release|Win32
		{C93F7D94-E38E-438A-AE8B-7F91452E780A}.Release|x86.Build.0 = Release|Win32
		{06D07910-D374-4E7B-87B7-DBACFC9FFB43}.Debug|x64.ActiveCfg = Debug|x64
		{06D07910-D374-4E7B-87B7-DBACFC9FFB43}.Debug|x64.Build.0 = Debug|x64
		{06D07910-D374-4E7B-87B7-DBACFC9FFB43}.Debug|x86.ActiveCfg = Debug|Win32
		{06D07910-D374-4E7B-87B7-DBACFC9FFB43}.Debug|x86.Build.0 = Debug|Win32
		{06D07910-D374-4E7B-87B7-DBACFC9FFB43}.Release|x64.ActiveCfg = Release|x64
		{06D07910-D374-4E7B-87B7-DBACFC9FFB43}.Release|x64.Build.0 = Release|x64
		{06D07910-D374-4E7B-87B7-DBACFC9FFB43}.Release|x86.ActiveCfg = Release|Win32
		{06D07910-D374-4E7B-87B7-DBACFC9FFB43}.Release|x86.Build.0 = Release|Win32
		{85FBBAD1-E403-40D2-A3DF-4E16544DF3D2}.Debug|x64.ActiveCfg = Debug|x64
		{85FBBAD1-E403-40D2-A3DF-4E16544DF3D2}.Debug|x64.Build.0 = Debug|x64
		{85FBBAD1-E403-40D2-A3DF-4E16544DF3D2}.Debug|x86.ActiveCfg = Debug|Win32
		{85FBBAD1-E403-40D2-A3DF-4E16544DF3D2}.Debug|x86.Build.0 = Debug|Win32
		{85FBBAD1-E403-40D2-A3DF-4E16544DF3D2}.Release|x64.ActiveCfg = Release|x64
		{85FBBAD1-E403-40D2-A3DF-4E16544DF3D2}.Release|x64.Build.0 = Release|x64
		{85FBBAD1-E403-40D2-A3DF-4E16544DF3D2}.Release|x86.ActiveCfg = Release|Win32
		{85FBBAD1-E403-40D2-A3DF-4E16544DF3D2}.Release|x86.Build.0 = Release|Win32
		{8BDB0077-E9A4-4A53-B0D1-91A7B400F9AA}.Debug|x64.ActiveCfg = Debug|x64
		{8BDB0077-E9A4-4A53-B0D1-91A7B400F9AA}.Debug|x64.Build.0 = Debug|x64
		{8BDB0077-E9A4-4A53-B0D1-91A7B400F9AA}.Debug|x86.ActiveCfg = Debug|Win32
		{8BDB0077-E9A4-4A53-B0D1-91A7B400F9AA}.Debug|x86.Build.0 = Debug|Win32
		{8BDB0077-E9A4-4A53-B0D1-91A7B400F9AA}.Release|x64.ActiveCfg = Release|x64
		{8BDB0077-E9A4-4A53-B0D1-91A7B400F9AA}.Release|x64.Build.0 = Release|x64
		{8BDB0077-E9A4-4A53-B0D1-91A7B400F9AA}.Release|x86.ActiveCfg = Release|Win32
		{8BDB0077-E9A4-4A53-B0D1-91A7B400F9AA}.Release|x86.Build.0 = Release|Win32
		{0A8DAF0E-11DA-42ED-8BC0-766295EA4AFB}.Debug|x64.ActiveCfg = Debug|x64
		{0A8DAF0E-11DA-42ED-8BC0-766295EA4AFB}.Debug|x64.Build.0 = Debug|x64
		{0A8DAF0E-11DA-42ED-8BC0-766295EA4AFB}.Debug|x86.ActiveCfg = Debug|Win32
		{0A8DAF0E-11DA-42ED-8BC0-766295EA4AFB}.Debug|x86.Build.0 = Debug|Win32
		{0A8DAF0E-11DA-42ED-8BC0-766295EA4AFB}.Release|x64.ActiveCfg = Release|x64
		{0A8DAF0E-11DA-42ED-8BC0-766295EA4AFB}.Release|x64.Build.0 = Release|x64
		{0A8DAF0E-11DA-42ED-8BC0-766295EA4AFB}.Release|x86.ActiveCfg = Release|Win32
		{0A8DAF0E-11DA-42ED-8BC0-766295EA4AFB}.Release|x86.Build.0 = Release|Win32
		{722474CC-0D4C-4FCA-9042-1540C688BFA7}.Debug|x64.ActiveCfg = Debug|x64
		{722474CC-0D4C-4FCA-9042-1540C688BFA7}.Debug|x64.Build.0 = Debug|x64
		{722474CC-0D4C-4FCA-9042-1540C688BFA7}.Debug|x86.ActiveCfg = Debug|Win32
		{722474CC-0D4C-4FCA-9042-1540C688BFA7}.Debug|x86.Build.0 = Debug|Win32
		{722474CC-0D4C-4FCA-9042-1540C688BFA7}.Release|x64.ActiveCfg = Release|x64
		{722474CC-0D4C-4FCA-9042-1540C688BFA7}.Release|x64.Build.0 = Release|x64
		{722474CC-0D4C-4FCA-9042-1540C688BFA7}.Release|x86.ActiveCfg = Release|Win32
		{722474CC-0D4C-4FCA-9042-1540C688BFA7}.Release|x86.Build.0 = Release|Win32
		{6C4A18CB-5C4A-4C28-8311-E9EFD590C07E}.Debug|x64.ActiveCfg = Debug|x64
		{6C4A18CB-5C4A-4C28-8311-E9EFD590C07E}.Debug|x64.Build.0 = Debug|x64
		{6C4A18CB-5C4A-4C28-8311-E9EFD590C07E}.Debug|x86.ActiveCfg = Debug|Win32
		{6C4A18CB-5C4A-4C28-8311-E9EFD590C07E}.Debug|x86.Build.0 = Debug|Win32
		{6C4A18CB-5C4A-4C28-8311-E9EFD590C07E}.Release|x64.ActiveCfg = Release|x64
		{6C4A18CB-5C4A-4C28-8311-E9EFD590C07E}.Release|x64.Build.0 = Release|x64
		{6C4A18CB-5C4A-4C28-8311-E9EFD590C07E}.Release|x86.ActiveCfg = Release|Win32
		{6C4A18CB-5C4A-4C28-8311-E9EFD590C07E}.Release|x86.Build.0 = Release|Win32
		{1518DC55-E34D-4E1C-A2A4-CD4EFD28BABE}.Debug|x64.ActiveCfg = Debug|x64
		{1518DC55-E34D-4E1C-A2A4-CD4EFD28BABE}.Debug|x64.Build.0 = Debug|x64
		{1518DC55-E34D-4E1C-A2A4-CD4EFD28BABE}.Debug|x86.ActiveCfg = Debug|Win32
		{1518DC55-E34D-4E1C-A2A4-CD4EFD28BABE}.Debug|x86.Build.0 = Debug|Win32
		{1518DC55-E34D-4E1C-A2A4-CD4EFD28BABE}.Release|x64.ActiveCfg = Release|x64
		{1518DC55-E34D-4E1C-A2A4-CD4EFD28BABE}.Release|x64.Build.0 = Release|x64
		{1518DC55-E34D-4E1C-A2A4-CD4EFD28BABE}.Release|x86.ActiveCfg = Release|Win32
		{1518DC55-E34D-4E1C-A2A4-CD4EFD28BABE}.Release|x86.Build.0 = Release|Win32
		{A72C222C-CAE3-4CB1-B631-322BD08E257E}.Debug|x64.ActiveCfg = Debug|x64
		{A72C222C-CAE3-4CB1-B631-322BD08E257E}.Debug|x64.Build.0 = Debug|x64
		{A72C222C-CAE3-4CB1-B631-322BD08E257E}.Debug|x86.ActiveCfg = Debug|Win32
		{A72C222C-CAE3-4CB1-B631-322BD08E257E}.Debug|x86.Build.0 = Debug|Win32
		{A72C222C-CAE3-4CB1-B631-322BD08E257E}.Release|x64.ActiveCfg = Release|x64
		{A72C222C-CAE3-4CB1-B631-322BD08E257E}.Release|x64.Build.0 = Release|x64
		{A72C222C-CAE3-4CB1-B631-322BD08E257E}.Release|x86.ActiveCfg = Release|Win32
		{A72C222C-CAE3-4CB1-B631-322BD08E257E}.Release|x86.Build.0 = Release|Win32
		{3F7CE8B4-5DE3-49D5-915A-174276A82AAB}.Debug|x64.ActiveCfg = Debug|x64
		{3F7CE8B4-5DE3-49D5-915A-174276A82AAB}.Debug|x64.Build.0 = Debug|x64
		{3F7CE8B4-5DE3-49D5-915A-174276A82AAB}.Debug|x86.ActiveCfg = Debug|Win32
		{3F7CE8B4-5DE3-49D5-915A-174276A82AAB}.Debug|x86.Build.0 = Debug|Win32
		{3F7CE8B4-5DE3-49D5-915A-174276A82AAB}.Release|x64.ActiveCfg = Release|x64
		{3F7CE8B4-5DE3-49D5-915A-174276A82AAB}.Release|x64.Build.0 = Release|x64
		{3F7CE8B4-5DE3-49D5-915A-174276A82AAB}.Release|x86.ActiveCfg = Release|Win32
		{3F7CE8B4-5DE3-49D5-915A-174276A82AAB}.Release|x86.Build.0 = Release|Win32
		{CDA8FCAA-68FA-49E8-A883-FD6901631E35}.Debug|x64.ActiveCfg = Debug|x64
		{CDA8FCAA-68FA-49E8-A883-FD6901631E35}.Debug|x64.Build.0 = Debug|x64
		{CDA8FCAA-68FA-49E8-A883-FD6901631E35}.Debug|x86.ActiveCfg = Debug|Win32
		{CDA8FCAA-68FA-49E8-A883-FD6901631E35}.Debug|x86.Build.0 = Debug|Win32
		{CDA8FCAA-68FA-49E8-A883-FD6901631E35}.Release|x64.ActiveCfg = Release|x64
		{CDA8FCAA-68FA-49E8-A883-FD6901631E35}.Release|x64.Build.0 = Release|x64
		{CDA8FCAA-68FA-49E8-A883-FD6901631E35}.Release|x86.ActiveCfg = Release|Win32
		{CDA8FCAA-68FA-49E8-A883-FD6901631E35}.Release|x86.Build.0 = Release|Win32
		{C05FF339-C315-43F6-8E80-B04291A23338}.Debug|x64.ActiveCfg = Debug|x64
		{C05FF339-C315-43F6-8E80-B04291A23338}.Debug|x64.Build.0 = Debug|x64
		{C05FF339-C315-43F6-8E80-B04291A23338}.Debug|x86.ActiveCfg = Debug|Win32
		{C05FF339-C315-43F6-8E80-B04291A23338}.Debug|x86.Build.0 = Debug|Win32
		{C05FF339-C315-43F6-8E80-B04291A23338}.Release|x64.ActiveCfg = Release|x64
		{C05FF339-C315-43F6-8E80-B04291A23338}.Release|x64.Build.0 = Release|x64
		{C05FF339-C315-43F6-8E80-B04291A23338}.Release|x86.ActiveCfg = Release|Win32
		{C05FF339-C315-43F6-8E80-B04291A23338}.Release|x86.Build.0 = Release|Win32
		{C16E74BE-D681-40E7-9268-235E009F326C}.Debug|x64.ActiveCfg = Debug|x64
		{C16E74BE-D681-40E7-9268-235E009F326C}.Debug|x64.Build.0 = Debug|x64
		{C16E74BE-D681-40E7-9268-235E009F326C}.Debug|x86.ActiveCfg = Debug|Win32
		{C16E74BE-D681-40E7-9268-235E009F326C}.Debug|x86.Build.0 = Debug|Win32
		{C16E74BE-D681-40E7-9268-235E009F326C}.Release|x64.ActiveCfg = Release|x64
		{C16E74BE-D681-40E7-9268-235E009F326C}.Release|x64.Build.0 = Release|x64
		{C16E74BE-D681-40E7-9268-235E009F326C}.Release|x86.ActiveCfg = Release|Win32
		{C16E74BE-D681-40E7-9268-235E009F326C}.Release|x86.Build.0 = Release|Win32
	EndGlobalSection
	GlobalSection(SolutionProperties) = preSolution
		HideSolutionNode = FALSE
	EndGlobalSection
	GlobalSection(ExtensibilityGlobals) = postSolution
		SolutionGuid = {BABF98D4-7D08-447D-BF81-365D2E5A4F3E}
	EndGlobalSection
EndGlobal
