
Microsoft Visual Studio Solution File, Format Version 12.00
# Visual Studio Version 16
VisualStudioVersion = 16.0.30413.136
MinimumVisualStudioVersion = 10.0.40219.1
Project("{8BC9CEB8-8B4A-11D0-8D11-00A0C91BC942}") = "Boj1463", "Boj1463\Boj1463.vcxproj", "{AB64C24A-47AF-4A13-B7C6-2E9239FEDD4A}"
EndProject
Project("{8BC9CEB8-8B4A-11D0-8D11-00A0C91BC942}") = "Boj1463_2", "Boj1463_2\Boj1463_2.vcxproj", "{6D17B94C-39A1-4EDF-92B0-7070BB62CFAF}"
EndProject
Project("{8BC9CEB8-8B4A-11D0-8D11-00A0C91BC942}") = "Boj11726", "Boj11726\Boj11726.vcxproj", "{2374777D-174E-44BE-AD45-36B92BD2A034}"
EndProject
Project("{8BC9CEB8-8B4A-11D0-8D11-00A0C91BC942}") = "Boj11726_2", "Boj11726_2\Boj11726_2.vcxproj", "{685DB1B8-CD93-4932-B7B6-F973E794680D}"
EndProject
Project("{8BC9CEB8-8B4A-11D0-8D11-00A0C91BC942}") = "Boj11727", "Boj11727\Boj11727.vcxproj", "{193BD9CC-9234-4146-ACD9-71D11ED4D63A}"
EndProject
Project("{8BC9CEB8-8B4A-11D0-8D11-00A0C91BC942}") = "Boj11727_2", "Boj11727_2\Boj11727_2.vcxproj", "{197219EC-8B62-46C7-96A8-E7D62239BBB8}"
EndProject
Project("{8BC9CEB8-8B4A-11D0-8D11-00A0C91BC942}") = "Boj9095", "Boj9095\Boj9095.vcxproj", "{217D300B-C053-48E3-BF81-8158267EF1DB}"
EndProject
Project("{8BC9CEB8-8B4A-11D0-8D11-00A0C91BC942}") = "Boj9095_2", "Boj9095_2\Boj9095_2.vcxproj", "{865A5DE0-DBE6-4C61-A7FD-527E04FA09CE}"
EndProject
Project("{8BC9CEB8-8B4A-11D0-8D11-00A0C91BC942}") = "Boj10844", "Boj10844\Boj10844.vcxproj", "{EFA6D05E-1A4E-4209-9EAC-E7FDAD3D1176}"
EndProject
Project("{8BC9CEB8-8B4A-11D0-8D11-00A0C91BC942}") = "Boj10844_2", "Boj10844_2\Boj10844_2.vcxproj", "{0D1294C6-0910-40C3-A213-493154455C1B}"
EndProject
Project("{8BC9CEB8-8B4A-11D0-8D11-00A0C91BC942}") = "Boj11057", "Boj11057\Boj11057.vcxproj", "{A9985E3C-9376-47CC-AD90-723C978885F4}"
EndProject
Project("{8BC9CEB8-8B4A-11D0-8D11-00A0C91BC942}") = "Boj11057_2", "Boj11057_2\Boj11057_2.vcxproj", "{545B36D7-5B83-4EC0-A751-53B757B03365}"
EndProject
Project("{8BC9CEB8-8B4A-11D0-8D11-00A0C91BC942}") = "Boj2193", "Boj2193\Boj2193.vcxproj", "{FB5DCF6C-3A15-495F-B9CF-A77FD096552F}"
EndProject
Project("{8BC9CEB8-8B4A-11D0-8D11-00A0C91BC942}") = "Boj2193_2", "Boj2193_2\Boj2193_2.vcxproj", "{4D2E23B4-860C-415F-B026-08CE7C86B843}"
EndProject
Global
	GlobalSection(SolutionConfigurationPlatforms) = preSolution
		Debug|x64 = Debug|x64
		Debug|x86 = Debug|x86
		Release|x64 = Release|x64
		Release|x86 = Release|x86
	EndGlobalSection
	GlobalSection(ProjectConfigurationPlatforms) = postSolution
		{AB64C24A-47AF-4A13-B7C6-2E9239FEDD4A}.Debug|x64.ActiveCfg = Debug|x64
		{AB64C24A-47AF-4A13-B7C6-2E9239FEDD4A}.Debug|x64.Build.0 = Debug|x64
		{AB64C24A-47AF-4A13-B7C6-2E9239FEDD4A}.Debug|x86.ActiveCfg = Debug|Win32
		{AB64C24A-47AF-4A13-B7C6-2E9239FEDD4A}.Debug|x86.Build.0 = Debug|Win32
		{AB64C24A-47AF-4A13-B7C6-2E9239FEDD4A}.Release|x64.ActiveCfg = Release|x64
		{AB64C24A-47AF-4A13-B7C6-2E9239FEDD4A}.Release|x64.Build.0 = Release|x64
		{AB64C24A-47AF-4A13-B7C6-2E9239FEDD4A}.Release|x86.ActiveCfg = Release|Win32
		{AB64C24A-47AF-4A13-B7C6-2E9239FEDD4A}.Release|x86.Build.0 = Release|Win32
		{6D17B94C-39A1-4EDF-92B0-7070BB62CFAF}.Debug|x64.ActiveCfg = Debug|x64
		{6D17B94C-39A1-4EDF-92B0-7070BB62CFAF}.Debug|x64.Build.0 = Debug|x64
		{6D17B94C-39A1-4EDF-92B0-7070BB62CFAF}.Debug|x86.ActiveCfg = Debug|Win32
		{6D17B94C-39A1-4EDF-92B0-7070BB62CFAF}.Debug|x86.Build.0 = Debug|Win32
		{6D17B94C-39A1-4EDF-92B0-7070BB62CFAF}.Release|x64.ActiveCfg = Release|x64
		{6D17B94C-39A1-4EDF-92B0-7070BB62CFAF}.Release|x64.Build.0 = Release|x64
		{6D17B94C-39A1-4EDF-92B0-7070BB62CFAF}.Release|x86.ActiveCfg = Release|Win32
		{6D17B94C-39A1-4EDF-92B0-7070BB62CFAF}.Release|x86.Build.0 = Release|Win32
		{2374777D-174E-44BE-AD45-36B92BD2A034}.Debug|x64.ActiveCfg = Debug|x64
		{2374777D-174E-44BE-AD45-36B92BD2A034}.Debug|x64.Build.0 = Debug|x64
		{2374777D-174E-44BE-AD45-36B92BD2A034}.Debug|x86.ActiveCfg = Debug|Win32
		{2374777D-174E-44BE-AD45-36B92BD2A034}.Debug|x86.Build.0 = Debug|Win32
		{2374777D-174E-44BE-AD45-36B92BD2A034}.Release|x64.ActiveCfg = Release|x64
		{2374777D-174E-44BE-AD45-36B92BD2A034}.Release|x64.Build.0 = Release|x64
		{2374777D-174E-44BE-AD45-36B92BD2A034}.Release|x86.ActiveCfg = Release|Win32
		{2374777D-174E-44BE-AD45-36B92BD2A034}.Release|x86.Build.0 = Release|Win32
		{685DB1B8-CD93-4932-B7B6-F973E794680D}.Debug|x64.ActiveCfg = Debug|x64
		{685DB1B8-CD93-4932-B7B6-F973E794680D}.Debug|x64.Build.0 = Debug|x64
		{685DB1B8-CD93-4932-B7B6-F973E794680D}.Debug|x86.ActiveCfg = Debug|Win32
		{685DB1B8-CD93-4932-B7B6-F973E794680D}.Debug|x86.Build.0 = Debug|Win32
		{685DB1B8-CD93-4932-B7B6-F973E794680D}.Release|x64.ActiveCfg = Release|x64
		{685DB1B8-CD93-4932-B7B6-F973E794680D}.Release|x64.Build.0 = Release|x64
		{685DB1B8-CD93-4932-B7B6-F973E794680D}.Release|x86.ActiveCfg = Release|Win32
		{685DB1B8-CD93-4932-B7B6-F973E794680D}.Release|x86.Build.0 = Release|Win32
		{193BD9CC-9234-4146-ACD9-71D11ED4D63A}.Debug|x64.ActiveCfg = Debug|x64
		{193BD9CC-9234-4146-ACD9-71D11ED4D63A}.Debug|x64.Build.0 = Debug|x64
		{193BD9CC-9234-4146-ACD9-71D11ED4D63A}.Debug|x86.ActiveCfg = Debug|Win32
		{193BD9CC-9234-4146-ACD9-71D11ED4D63A}.Debug|x86.Build.0 = Debug|Win32
		{193BD9CC-9234-4146-ACD9-71D11ED4D63A}.Release|x64.ActiveCfg = Release|x64
		{193BD9CC-9234-4146-ACD9-71D11ED4D63A}.Release|x64.Build.0 = Release|x64
		{193BD9CC-9234-4146-ACD9-71D11ED4D63A}.Release|x86.ActiveCfg = Release|Win32
		{193BD9CC-9234-4146-ACD9-71D11ED4D63A}.Release|x86.Build.0 = Release|Win32
		{197219EC-8B62-46C7-96A8-E7D62239BBB8}.Debug|x64.ActiveCfg = Debug|x64
		{197219EC-8B62-46C7-96A8-E7D62239BBB8}.Debug|x64.Build.0 = Debug|x64
		{197219EC-8B62-46C7-96A8-E7D62239BBB8}.Debug|x86.ActiveCfg = Debug|Win32
		{197219EC-8B62-46C7-96A8-E7D62239BBB8}.Debug|x86.Build.0 = Debug|Win32
		{197219EC-8B62-46C7-96A8-E7D62239BBB8}.Release|x64.ActiveCfg = Release|x64
		{197219EC-8B62-46C7-96A8-E7D62239BBB8}.Release|x64.Build.0 = Release|x64
		{197219EC-8B62-46C7-96A8-E7D62239BBB8}.Release|x86.ActiveCfg = Release|Win32
		{197219EC-8B62-46C7-96A8-E7D62239BBB8}.Release|x86.Build.0 = Release|Win32
		{217D300B-C053-48E3-BF81-8158267EF1DB}.Debug|x64.ActiveCfg = Debug|x64
		{217D300B-C053-48E3-BF81-8158267EF1DB}.Debug|x64.Build.0 = Debug|x64
		{217D300B-C053-48E3-BF81-8158267EF1DB}.Debug|x86.ActiveCfg = Debug|Win32
		{217D300B-C053-48E3-BF81-8158267EF1DB}.Debug|x86.Build.0 = Debug|Win32
		{217D300B-C053-48E3-BF81-8158267EF1DB}.Release|x64.ActiveCfg = Release|x64
		{217D300B-C053-48E3-BF81-8158267EF1DB}.Release|x64.Build.0 = Release|x64
		{217D300B-C053-48E3-BF81-8158267EF1DB}.Release|x86.ActiveCfg = Release|Win32
		{217D300B-C053-48E3-BF81-8158267EF1DB}.Release|x86.Build.0 = Release|Win32
		{865A5DE0-DBE6-4C61-A7FD-527E04FA09CE}.Debug|x64.ActiveCfg = Debug|x64
		{865A5DE0-DBE6-4C61-A7FD-527E04FA09CE}.Debug|x64.Build.0 = Debug|x64
		{865A5DE0-DBE6-4C61-A7FD-527E04FA09CE}.Debug|x86.ActiveCfg = Debug|Win32
		{865A5DE0-DBE6-4C61-A7FD-527E04FA09CE}.Debug|x86.Build.0 = Debug|Win32
		{865A5DE0-DBE6-4C61-A7FD-527E04FA09CE}.Release|x64.ActiveCfg = Release|x64
		{865A5DE0-DBE6-4C61-A7FD-527E04FA09CE}.Release|x64.Build.0 = Release|x64
		{865A5DE0-DBE6-4C61-A7FD-527E04FA09CE}.Release|x86.ActiveCfg = Release|Win32
		{865A5DE0-DBE6-4C61-A7FD-527E04FA09CE}.Release|x86.Build.0 = Release|Win32
		{EFA6D05E-1A4E-4209-9EAC-E7FDAD3D1176}.Debug|x64.ActiveCfg = Debug|x64
		{EFA6D05E-1A4E-4209-9EAC-E7FDAD3D1176}.Debug|x64.Build.0 = Debug|x64
		{EFA6D05E-1A4E-4209-9EAC-E7FDAD3D1176}.Debug|x86.ActiveCfg = Debug|Win32
		{EFA6D05E-1A4E-4209-9EAC-E7FDAD3D1176}.Debug|x86.Build.0 = Debug|Win32
		{EFA6D05E-1A4E-4209-9EAC-E7FDAD3D1176}.Release|x64.ActiveCfg = Release|x64
		{EFA6D05E-1A4E-4209-9EAC-E7FDAD3D1176}.Release|x64.Build.0 = Release|x64
		{EFA6D05E-1A4E-4209-9EAC-E7FDAD3D1176}.Release|x86.ActiveCfg = Release|Win32
		{EFA6D05E-1A4E-4209-9EAC-E7FDAD3D1176}.Release|x86.Build.0 = Release|Win32
		{0D1294C6-0910-40C3-A213-493154455C1B}.Debug|x64.ActiveCfg = Debug|x64
		{0D1294C6-0910-40C3-A213-493154455C1B}.Debug|x64.Build.0 = Debug|x64
		{0D1294C6-0910-40C3-A213-493154455C1B}.Debug|x86.ActiveCfg = Debug|Win32
		{0D1294C6-0910-40C3-A213-493154455C1B}.Debug|x86.Build.0 = Debug|Win32
		{0D1294C6-0910-40C3-A213-493154455C1B}.Release|x64.ActiveCfg = Release|x64
		{0D1294C6-0910-40C3-A213-493154455C1B}.Release|x64.Build.0 = Release|x64
		{0D1294C6-0910-40C3-A213-493154455C1B}.Release|x86.ActiveCfg = Release|Win32
		{0D1294C6-0910-40C3-A213-493154455C1B}.Release|x86.Build.0 = Release|Win32
		{A9985E3C-9376-47CC-AD90-723C978885F4}.Debug|x64.ActiveCfg = Debug|x64
		{A9985E3C-9376-47CC-AD90-723C978885F4}.Debug|x64.Build.0 = Debug|x64
		{A9985E3C-9376-47CC-AD90-723C978885F4}.Debug|x86.ActiveCfg = Debug|Win32
		{A9985E3C-9376-47CC-AD90-723C978885F4}.Debug|x86.Build.0 = Debug|Win32
		{A9985E3C-9376-47CC-AD90-723C978885F4}.Release|x64.ActiveCfg = Release|x64
		{A9985E3C-9376-47CC-AD90-723C978885F4}.Release|x64.Build.0 = Release|x64
		{A9985E3C-9376-47CC-AD90-723C978885F4}.Release|x86.ActiveCfg = Release|Win32
		{A9985E3C-9376-47CC-AD90-723C978885F4}.Release|x86.Build.0 = Release|Win32
		{545B36D7-5B83-4EC0-A751-53B757B03365}.Debug|x64.ActiveCfg = Debug|x64
		{545B36D7-5B83-4EC0-A751-53B757B03365}.Debug|x64.Build.0 = Debug|x64
		{545B36D7-5B83-4EC0-A751-53B757B03365}.Debug|x86.ActiveCfg = Debug|Win32
		{545B36D7-5B83-4EC0-A751-53B757B03365}.Debug|x86.Build.0 = Debug|Win32
		{545B36D7-5B83-4EC0-A751-53B757B03365}.Release|x64.ActiveCfg = Release|x64
		{545B36D7-5B83-4EC0-A751-53B757B03365}.Release|x64.Build.0 = Release|x64
		{545B36D7-5B83-4EC0-A751-53B757B03365}.Release|x86.ActiveCfg = Release|Win32
		{545B36D7-5B83-4EC0-A751-53B757B03365}.Release|x86.Build.0 = Release|Win32
		{FB5DCF6C-3A15-495F-B9CF-A77FD096552F}.Debug|x64.ActiveCfg = Debug|x64
		{FB5DCF6C-3A15-495F-B9CF-A77FD096552F}.Debug|x64.Build.0 = Debug|x64
		{FB5DCF6C-3A15-495F-B9CF-A77FD096552F}.Debug|x86.ActiveCfg = Debug|Win32
		{FB5DCF6C-3A15-495F-B9CF-A77FD096552F}.Debug|x86.Build.0 = Debug|Win32
		{FB5DCF6C-3A15-495F-B9CF-A77FD096552F}.Release|x64.ActiveCfg = Release|x64
		{FB5DCF6C-3A15-495F-B9CF-A77FD096552F}.Release|x64.Build.0 = Release|x64
		{FB5DCF6C-3A15-495F-B9CF-A77FD096552F}.Release|x86.ActiveCfg = Release|Win32
		{FB5DCF6C-3A15-495F-B9CF-A77FD096552F}.Release|x86.Build.0 = Release|Win32
		{4D2E23B4-860C-415F-B026-08CE7C86B843}.Debug|x64.ActiveCfg = Debug|x64
		{4D2E23B4-860C-415F-B026-08CE7C86B843}.Debug|x64.Build.0 = Debug|x64
		{4D2E23B4-860C-415F-B026-08CE7C86B843}.Debug|x86.ActiveCfg = Debug|Win32
		{4D2E23B4-860C-415F-B026-08CE7C86B843}.Debug|x86.Build.0 = Debug|Win32
		{4D2E23B4-860C-415F-B026-08CE7C86B843}.Release|x64.ActiveCfg = Release|x64
		{4D2E23B4-860C-415F-B026-08CE7C86B843}.Release|x64.Build.0 = Release|x64
		{4D2E23B4-860C-415F-B026-08CE7C86B843}.Release|x86.ActiveCfg = Release|Win32
		{4D2E23B4-860C-415F-B026-08CE7C86B843}.Release|x86.Build.0 = Release|Win32
	EndGlobalSection
	GlobalSection(SolutionProperties) = preSolution
		HideSolutionNode = FALSE
	EndGlobalSection
	GlobalSection(ExtensibilityGlobals) = postSolution
		SolutionGuid = {78CAA6F6-61F7-4F5D-AB20-2014EBF06BCF}
	EndGlobalSection
EndGlobal
