
Microsoft Visual Studio Solution File, Format Version 12.00
# Visual Studio Version 16
VisualStudioVersion = 16.0.30413.136
MinimumVisualStudioVersion = 10.0.40219.1
Project("{8BC9CEB8-8B4A-11D0-8D11-00A0C91BC942}") = "Boj2557", "Boj2557\Boj2557.vcxproj", "{F8EF399B-A95E-4F1A-973B-D3143FE16477}"
EndProject
Project("{8BC9CEB8-8B4A-11D0-8D11-00A0C91BC942}") = "Boj1000", "Boj1000\Boj1000.vcxproj", "{184F823D-56E8-4743-98ED-8CD25B20D2ED}"
EndProject
Project("{8BC9CEB8-8B4A-11D0-8D11-00A0C91BC942}") = "Boj10950", "Boj10950\Boj10950.vcxproj", "{8EC0F1E2-4CF2-4706-929D-07D56A594BF2}"
EndProject
Project("{8BC9CEB8-8B4A-11D0-8D11-00A0C91BC942}") = "Boj10951", "Boj10951\Boj10951.vcxproj", "{4AF6F7F2-E434-49C6-B23E-20165D573D3C}"
EndProject
Project("{8BC9CEB8-8B4A-11D0-8D11-00A0C91BC942}") = "Boj2558", "Boj2558\Boj2558.vcxproj", "{58E58AB3-5C3E-416B-BFD9-823C79ABB887}"
EndProject
Project("{8BC9CEB8-8B4A-11D0-8D11-00A0C91BC942}") = "Boj10952", "Boj10952\Boj10952.vcxproj", "{2746F69E-AAC0-4EFE-8185-FD6F3B93B4ED}"
EndProject
Project("{8BC9CEB8-8B4A-11D0-8D11-00A0C91BC942}") = "Boj10953", "Boj10953\Boj10953.vcxproj", "{ABA7A143-F927-4554-80D0-0FAFEB9A6435}"
EndProject
Project("{8BC9CEB8-8B4A-11D0-8D11-00A0C91BC942}") = "Boj11021", "Boj11021\Boj11021.vcxproj", "{F5C41873-30AB-4AB7-9A68-C10B8E9E435E}"
EndProject
Project("{8BC9CEB8-8B4A-11D0-8D11-00A0C91BC942}") = "Boj11022", "Boj11022\Boj11022.vcxproj", "{4B62B05A-6AE3-4441-B500-4120258F3373}"
EndProject
Project("{8BC9CEB8-8B4A-11D0-8D11-00A0C91BC942}") = "Boj11718", "Boj11718\Boj11718.vcxproj", "{2089C757-602A-46E9-9122-EC4D52D9DED0}"
EndProject
Project("{8BC9CEB8-8B4A-11D0-8D11-00A0C91BC942}") = "Boj11719", "Boj11719\Boj11719.vcxproj", "{E56B57DD-ABF2-40FF-A442-8952800C1EB7}"
EndProject
Project("{8BC9CEB8-8B4A-11D0-8D11-00A0C91BC942}") = "Boj11720", "Boj11720\Boj11720.vcxproj", "{DCE43A24-ECC8-462B-844F-3B112A153D49}"
EndProject
Project("{8BC9CEB8-8B4A-11D0-8D11-00A0C91BC942}") = "Boj11721", "Boj11721\Boj11721.vcxproj", "{B06E4246-A606-4CF1-B90E-6416BFCFD347}"
EndProject
Project("{8BC9CEB8-8B4A-11D0-8D11-00A0C91BC942}") = "Boj2741", "Boj2741\Boj2741.vcxproj", "{A5DF783B-1181-4C9A-86F9-8441354F4CA4}"
EndProject
Project("{8BC9CEB8-8B4A-11D0-8D11-00A0C91BC942}") = "Boj2742", "Boj2742\Boj2742.vcxproj", "{F1123BFB-BA0B-401D-BA34-656123BC2E3A}"
EndProject
Project("{8BC9CEB8-8B4A-11D0-8D11-00A0C91BC942}") = "Boj2739", "Boj2739\Boj2739.vcxproj", "{7EFE40F6-2A49-406A-AB58-D7CC3C767F78}"
EndProject
Project("{8BC9CEB8-8B4A-11D0-8D11-00A0C91BC942}") = "Boj1924", "Boj1924\Boj1924.vcxproj", "{C334AB28-925B-4F72-B238-B9189C233700}"
EndProject
Project("{8BC9CEB8-8B4A-11D0-8D11-00A0C91BC942}") = "Boj1924_2", "Boj1924_2\Boj1924_2.vcxproj", "{118FBFC6-E165-4D91-9212-A664642018E1}"
EndProject
Project("{8BC9CEB8-8B4A-11D0-8D11-00A0C91BC942}") = "Boj8393", "Boj8393\Boj8393.vcxproj", "{91C02B25-EEF3-44AF-A044-D31C9EE50975}"
EndProject
Project("{8BC9CEB8-8B4A-11D0-8D11-00A0C91BC942}") = "Boj10818", "Boj10818\Boj10818.vcxproj", "{8D04410A-D851-4264-98B8-8DF408A99171}"
EndProject
Project("{8BC9CEB8-8B4A-11D0-8D11-00A0C91BC942}") = "Boj2438", "Boj2438\Boj2438.vcxproj", "{B85D462B-EC86-4DFF-9FCD-C83D12EC9FBF}"
EndProject
Project("{8BC9CEB8-8B4A-11D0-8D11-00A0C91BC942}") = "Boj2439", "Boj2439\Boj2439.vcxproj", "{6F1E9326-A500-48FC-ABFF-5E1B8D39D289}"
EndProject
Project("{8BC9CEB8-8B4A-11D0-8D11-00A0C91BC942}") = "Boj2440", "Boj2440\Boj2440.vcxproj", "{D352314B-9467-4DC2-8E0D-088E396B3286}"
EndProject
Project("{8BC9CEB8-8B4A-11D0-8D11-00A0C91BC942}") = "Boj2441", "Boj2441\Boj2441.vcxproj", "{62F9FA7F-1168-49C7-9446-DBF51F32B20F}"
EndProject
Project("{8BC9CEB8-8B4A-11D0-8D11-00A0C91BC942}") = "Boj2441_2", "Boj2441_s\Boj2441_s.vcxproj", "{9A8BC4CE-65DE-4DD1-94F1-68699DCCA8CB}"
EndProject
Project("{8BC9CEB8-8B4A-11D0-8D11-00A0C91BC942}") = "Boj2439_2", "Boj2439_2\Boj2439_2.vcxproj", "{538ABCFD-1A74-462A-BC1B-4A7D23526671}"
EndProject
Global
	GlobalSection(SolutionConfigurationPlatforms) = preSolution
		Debug|x64 = Debug|x64
		Debug|x86 = Debug|x86
		Release|x64 = Release|x64
		Release|x86 = Release|x86
	EndGlobalSection
	GlobalSection(ProjectConfigurationPlatforms) = postSolution
		{F8EF399B-A95E-4F1A-973B-D3143FE16477}.Debug|x64.ActiveCfg = Debug|x64
		{F8EF399B-A95E-4F1A-973B-D3143FE16477}.Debug|x64.Build.0 = Debug|x64
		{F8EF399B-A95E-4F1A-973B-D3143FE16477}.Debug|x86.ActiveCfg = Debug|Win32
		{F8EF399B-A95E-4F1A-973B-D3143FE16477}.Debug|x86.Build.0 = Debug|Win32
		{F8EF399B-A95E-4F1A-973B-D3143FE16477}.Release|x64.ActiveCfg = Release|x64
		{F8EF399B-A95E-4F1A-973B-D3143FE16477}.Release|x64.Build.0 = Release|x64
		{F8EF399B-A95E-4F1A-973B-D3143FE16477}.Release|x86.ActiveCfg = Release|Win32
		{F8EF399B-A95E-4F1A-973B-D3143FE16477}.Release|x86.Build.0 = Release|Win32
		{184F823D-56E8-4743-98ED-8CD25B20D2ED}.Debug|x64.ActiveCfg = Debug|x64
		{184F823D-56E8-4743-98ED-8CD25B20D2ED}.Debug|x64.Build.0 = Debug|x64
		{184F823D-56E8-4743-98ED-8CD25B20D2ED}.Debug|x86.ActiveCfg = Debug|Win32
		{184F823D-56E8-4743-98ED-8CD25B20D2ED}.Debug|x86.Build.0 = Debug|Win32
		{184F823D-56E8-4743-98ED-8CD25B20D2ED}.Release|x64.ActiveCfg = Release|x64
		{184F823D-56E8-4743-98ED-8CD25B20D2ED}.Release|x64.Build.0 = Release|x64
		{184F823D-56E8-4743-98ED-8CD25B20D2ED}.Release|x86.ActiveCfg = Release|Win32
		{184F823D-56E8-4743-98ED-8CD25B20D2ED}.Release|x86.Build.0 = Release|Win32
		{8EC0F1E2-4CF2-4706-929D-07D56A594BF2}.Debug|x64.ActiveCfg = Debug|x64
		{8EC0F1E2-4CF2-4706-929D-07D56A594BF2}.Debug|x64.Build.0 = Debug|x64
		{8EC0F1E2-4CF2-4706-929D-07D56A594BF2}.Debug|x86.ActiveCfg = Debug|Win32
		{8EC0F1E2-4CF2-4706-929D-07D56A594BF2}.Debug|x86.Build.0 = Debug|Win32
		{8EC0F1E2-4CF2-4706-929D-07D56A594BF2}.Release|x64.ActiveCfg = Release|x64
		{8EC0F1E2-4CF2-4706-929D-07D56A594BF2}.Release|x64.Build.0 = Release|x64
		{8EC0F1E2-4CF2-4706-929D-07D56A594BF2}.Release|x86.ActiveCfg = Release|Win32
		{8EC0F1E2-4CF2-4706-929D-07D56A594BF2}.Release|x86.Build.0 = Release|Win32
		{4AF6F7F2-E434-49C6-B23E-20165D573D3C}.Debug|x64.ActiveCfg = Debug|x64
		{4AF6F7F2-E434-49C6-B23E-20165D573D3C}.Debug|x64.Build.0 = Debug|x64
		{4AF6F7F2-E434-49C6-B23E-20165D573D3C}.Debug|x86.ActiveCfg = Debug|Win32
		{4AF6F7F2-E434-49C6-B23E-20165D573D3C}.Debug|x86.Build.0 = Debug|Win32
		{4AF6F7F2-E434-49C6-B23E-20165D573D3C}.Release|x64.ActiveCfg = Release|x64
		{4AF6F7F2-E434-49C6-B23E-20165D573D3C}.Release|x64.Build.0 = Release|x64
		{4AF6F7F2-E434-49C6-B23E-20165D573D3C}.Release|x86.ActiveCfg = Release|Win32
		{4AF6F7F2-E434-49C6-B23E-20165D573D3C}.Release|x86.Build.0 = Release|Win32
		{58E58AB3-5C3E-416B-BFD9-823C79ABB887}.Debug|x64.ActiveCfg = Debug|x64
		{58E58AB3-5C3E-416B-BFD9-823C79ABB887}.Debug|x64.Build.0 = Debug|x64
		{58E58AB3-5C3E-416B-BFD9-823C79ABB887}.Debug|x86.ActiveCfg = Debug|Win32
		{58E58AB3-5C3E-416B-BFD9-823C79ABB887}.Debug|x86.Build.0 = Debug|Win32
		{58E58AB3-5C3E-416B-BFD9-823C79ABB887}.Release|x64.ActiveCfg = Release|x64
		{58E58AB3-5C3E-416B-BFD9-823C79ABB887}.Release|x64.Build.0 = Release|x64
		{58E58AB3-5C3E-416B-BFD9-823C79ABB887}.Release|x86.ActiveCfg = Release|Win32
		{58E58AB3-5C3E-416B-BFD9-823C79ABB887}.Release|x86.Build.0 = Release|Win32
		{2746F69E-AAC0-4EFE-8185-FD6F3B93B4ED}.Debug|x64.ActiveCfg = Debug|x64
		{2746F69E-AAC0-4EFE-8185-FD6F3B93B4ED}.Debug|x64.Build.0 = Debug|x64
		{2746F69E-AAC0-4EFE-8185-FD6F3B93B4ED}.Debug|x86.ActiveCfg = Debug|Win32
		{2746F69E-AAC0-4EFE-8185-FD6F3B93B4ED}.Debug|x86.Build.0 = Debug|Win32
		{2746F69E-AAC0-4EFE-8185-FD6F3B93B4ED}.Release|x64.ActiveCfg = Release|x64
		{2746F69E-AAC0-4EFE-8185-FD6F3B93B4ED}.Release|x64.Build.0 = Release|x64
		{2746F69E-AAC0-4EFE-8185-FD6F3B93B4ED}.Release|x86.ActiveCfg = Release|Win32
		{2746F69E-AAC0-4EFE-8185-FD6F3B93B4ED}.Release|x86.Build.0 = Release|Win32
		{ABA7A143-F927-4554-80D0-0FAFEB9A6435}.Debug|x64.ActiveCfg = Debug|x64
		{ABA7A143-F927-4554-80D0-0FAFEB9A6435}.Debug|x64.Build.0 = Debug|x64
		{ABA7A143-F927-4554-80D0-0FAFEB9A6435}.Debug|x86.ActiveCfg = Debug|Win32
		{ABA7A143-F927-4554-80D0-0FAFEB9A6435}.Debug|x86.Build.0 = Debug|Win32
		{ABA7A143-F927-4554-80D0-0FAFEB9A6435}.Release|x64.ActiveCfg = Release|x64
		{ABA7A143-F927-4554-80D0-0FAFEB9A6435}.Release|x64.Build.0 = Release|x64
		{ABA7A143-F927-4554-80D0-0FAFEB9A6435}.Release|x86.ActiveCfg = Release|Win32
		{ABA7A143-F927-4554-80D0-0FAFEB9A6435}.Release|x86.Build.0 = Release|Win32
		{F5C41873-30AB-4AB7-9A68-C10B8E9E435E}.Debug|x64.ActiveCfg = Debug|x64
		{F5C41873-30AB-4AB7-9A68-C10B8E9E435E}.Debug|x64.Build.0 = Debug|x64
		{F5C41873-30AB-4AB7-9A68-C10B8E9E435E}.Debug|x86.ActiveCfg = Debug|Win32
		{F5C41873-30AB-4AB7-9A68-C10B8E9E435E}.Debug|x86.Build.0 = Debug|Win32
		{F5C41873-30AB-4AB7-9A68-C10B8E9E435E}.Release|x64.ActiveCfg = Release|x64
		{F5C41873-30AB-4AB7-9A68-C10B8E9E435E}.Release|x64.Build.0 = Release|x64
		{F5C41873-30AB-4AB7-9A68-C10B8E9E435E}.Release|x86.ActiveCfg = Release|Win32
		{F5C41873-30AB-4AB7-9A68-C10B8E9E435E}.Release|x86.Build.0 = Release|Win32
		{4B62B05A-6AE3-4441-B500-4120258F3373}.Debug|x64.ActiveCfg = Debug|x64
		{4B62B05A-6AE3-4441-B500-4120258F3373}.Debug|x64.Build.0 = Debug|x64
		{4B62B05A-6AE3-4441-B500-4120258F3373}.Debug|x86.ActiveCfg = Debug|Win32
		{4B62B05A-6AE3-4441-B500-4120258F3373}.Debug|x86.Build.0 = Debug|Win32
		{4B62B05A-6AE3-4441-B500-4120258F3373}.Release|x64.ActiveCfg = Release|x64
		{4B62B05A-6AE3-4441-B500-4120258F3373}.Release|x64.Build.0 = Release|x64
		{4B62B05A-6AE3-4441-B500-4120258F3373}.Release|x86.ActiveCfg = Release|Win32
		{4B62B05A-6AE3-4441-B500-4120258F3373}.Release|x86.Build.0 = Release|Win32
		{2089C757-602A-46E9-9122-EC4D52D9DED0}.Debug|x64.ActiveCfg = Debug|x64
		{2089C757-602A-46E9-9122-EC4D52D9DED0}.Debug|x64.Build.0 = Debug|x64
		{2089C757-602A-46E9-9122-EC4D52D9DED0}.Debug|x86.ActiveCfg = Debug|Win32
		{2089C757-602A-46E9-9122-EC4D52D9DED0}.Debug|x86.Build.0 = Debug|Win32
		{2089C757-602A-46E9-9122-EC4D52D9DED0}.Release|x64.ActiveCfg = Release|x64
		{2089C757-602A-46E9-9122-EC4D52D9DED0}.Release|x64.Build.0 = Release|x64
		{2089C757-602A-46E9-9122-EC4D52D9DED0}.Release|x86.ActiveCfg = Release|Win32
		{2089C757-602A-46E9-9122-EC4D52D9DED0}.Release|x86.Build.0 = Release|Win32
		{E56B57DD-ABF2-40FF-A442-8952800C1EB7}.Debug|x64.ActiveCfg = Debug|x64
		{E56B57DD-ABF2-40FF-A442-8952800C1EB7}.Debug|x64.Build.0 = Debug|x64
		{E56B57DD-ABF2-40FF-A442-8952800C1EB7}.Debug|x86.ActiveCfg = Debug|Win32
		{E56B57DD-ABF2-40FF-A442-8952800C1EB7}.Debug|x86.Build.0 = Debug|Win32
		{E56B57DD-ABF2-40FF-A442-8952800C1EB7}.Release|x64.ActiveCfg = Release|x64
		{E56B57DD-ABF2-40FF-A442-8952800C1EB7}.Release|x64.Build.0 = Release|x64
		{E56B57DD-ABF2-40FF-A442-8952800C1EB7}.Release|x86.ActiveCfg = Release|Win32
		{E56B57DD-ABF2-40FF-A442-8952800C1EB7}.Release|x86.Build.0 = Release|Win32
		{DCE43A24-ECC8-462B-844F-3B112A153D49}.Debug|x64.ActiveCfg = Debug|x64
		{DCE43A24-ECC8-462B-844F-3B112A153D49}.Debug|x64.Build.0 = Debug|x64
		{DCE43A24-ECC8-462B-844F-3B112A153D49}.Debug|x86.ActiveCfg = Debug|Win32
		{DCE43A24-ECC8-462B-844F-3B112A153D49}.Debug|x86.Build.0 = Debug|Win32
		{DCE43A24-ECC8-462B-844F-3B112A153D49}.Release|x64.ActiveCfg = Release|x64
		{DCE43A24-ECC8-462B-844F-3B112A153D49}.Release|x64.Build.0 = Release|x64
		{DCE43A24-ECC8-462B-844F-3B112A153D49}.Release|x86.ActiveCfg = Release|Win32
		{DCE43A24-ECC8-462B-844F-3B112A153D49}.Release|x86.Build.0 = Release|Win32
		{B06E4246-A606-4CF1-B90E-6416BFCFD347}.Debug|x64.ActiveCfg = Debug|x64
		{B06E4246-A606-4CF1-B90E-6416BFCFD347}.Debug|x64.Build.0 = Debug|x64
		{B06E4246-A606-4CF1-B90E-6416BFCFD347}.Debug|x86.ActiveCfg = Debug|Win32
		{B06E4246-A606-4CF1-B90E-6416BFCFD347}.Debug|x86.Build.0 = Debug|Win32
		{B06E4246-A606-4CF1-B90E-6416BFCFD347}.Release|x64.ActiveCfg = Release|x64
		{B06E4246-A606-4CF1-B90E-6416BFCFD347}.Release|x64.Build.0 = Release|x64
		{B06E4246-A606-4CF1-B90E-6416BFCFD347}.Release|x86.ActiveCfg = Release|Win32
		{B06E4246-A606-4CF1-B90E-6416BFCFD347}.Release|x86.Build.0 = Release|Win32
		{A5DF783B-1181-4C9A-86F9-8441354F4CA4}.Debug|x64.ActiveCfg = Debug|x64
		{A5DF783B-1181-4C9A-86F9-8441354F4CA4}.Debug|x64.Build.0 = Debug|x64
		{A5DF783B-1181-4C9A-86F9-8441354F4CA4}.Debug|x86.ActiveCfg = Debug|Win32
		{A5DF783B-1181-4C9A-86F9-8441354F4CA4}.Debug|x86.Build.0 = Debug|Win32
		{A5DF783B-1181-4C9A-86F9-8441354F4CA4}.Release|x64.ActiveCfg = Release|x64
		{A5DF783B-1181-4C9A-86F9-8441354F4CA4}.Release|x64.Build.0 = Release|x64
		{A5DF783B-1181-4C9A-86F9-8441354F4CA4}.Release|x86.ActiveCfg = Release|Win32
		{A5DF783B-1181-4C9A-86F9-8441354F4CA4}.Release|x86.Build.0 = Release|Win32
		{F1123BFB-BA0B-401D-BA34-656123BC2E3A}.Debug|x64.ActiveCfg = Debug|x64
		{F1123BFB-BA0B-401D-BA34-656123BC2E3A}.Debug|x64.Build.0 = Debug|x64
		{F1123BFB-BA0B-401D-BA34-656123BC2E3A}.Debug|x86.ActiveCfg = Debug|Win32
		{F1123BFB-BA0B-401D-BA34-656123BC2E3A}.Debug|x86.Build.0 = Debug|Win32
		{F1123BFB-BA0B-401D-BA34-656123BC2E3A}.Release|x64.ActiveCfg = Release|x64
		{F1123BFB-BA0B-401D-BA34-656123BC2E3A}.Release|x64.Build.0 = Release|x64
		{F1123BFB-BA0B-401D-BA34-656123BC2E3A}.Release|x86.ActiveCfg = Release|Win32
		{F1123BFB-BA0B-401D-BA34-656123BC2E3A}.Release|x86.Build.0 = Release|Win32
		{7EFE40F6-2A49-406A-AB58-D7CC3C767F78}.Debug|x64.ActiveCfg = Debug|x64
		{7EFE40F6-2A49-406A-AB58-D7CC3C767F78}.Debug|x64.Build.0 = Debug|x64
		{7EFE40F6-2A49-406A-AB58-D7CC3C767F78}.Debug|x86.ActiveCfg = Debug|Win32
		{7EFE40F6-2A49-406A-AB58-D7CC3C767F78}.Debug|x86.Build.0 = Debug|Win32
		{7EFE40F6-2A49-406A-AB58-D7CC3C767F78}.Release|x64.ActiveCfg = Release|x64
		{7EFE40F6-2A49-406A-AB58-D7CC3C767F78}.Release|x64.Build.0 = Release|x64
		{7EFE40F6-2A49-406A-AB58-D7CC3C767F78}.Release|x86.ActiveCfg = Release|Win32
		{7EFE40F6-2A49-406A-AB58-D7CC3C767F78}.Release|x86.Build.0 = Release|Win32
		{C334AB28-925B-4F72-B238-B9189C233700}.Debug|x64.ActiveCfg = Debug|x64
		{C334AB28-925B-4F72-B238-B9189C233700}.Debug|x64.Build.0 = Debug|x64
		{C334AB28-925B-4F72-B238-B9189C233700}.Debug|x86.ActiveCfg = Debug|Win32
		{C334AB28-925B-4F72-B238-B9189C233700}.Debug|x86.Build.0 = Debug|Win32
		{C334AB28-925B-4F72-B238-B9189C233700}.Release|x64.ActiveCfg = Release|x64
		{C334AB28-925B-4F72-B238-B9189C233700}.Release|x64.Build.0 = Release|x64
		{C334AB28-925B-4F72-B238-B9189C233700}.Release|x86.ActiveCfg = Release|Win32
		{C334AB28-925B-4F72-B238-B9189C233700}.Release|x86.Build.0 = Release|Win32
		{118FBFC6-E165-4D91-9212-A664642018E1}.Debug|x64.ActiveCfg = Debug|x64
		{118FBFC6-E165-4D91-9212-A664642018E1}.Debug|x64.Build.0 = Debug|x64
		{118FBFC6-E165-4D91-9212-A664642018E1}.Debug|x86.ActiveCfg = Debug|Win32
		{118FBFC6-E165-4D91-9212-A664642018E1}.Debug|x86.Build.0 = Debug|Win32
		{118FBFC6-E165-4D91-9212-A664642018E1}.Release|x64.ActiveCfg = Release|x64
		{118FBFC6-E165-4D91-9212-A664642018E1}.Release|x64.Build.0 = Release|x64
		{118FBFC6-E165-4D91-9212-A664642018E1}.Release|x86.ActiveCfg = Release|Win32
		{118FBFC6-E165-4D91-9212-A664642018E1}.Release|x86.Build.0 = Release|Win32
		{91C02B25-EEF3-44AF-A044-D31C9EE50975}.Debug|x64.ActiveCfg = Debug|x64
		{91C02B25-EEF3-44AF-A044-D31C9EE50975}.Debug|x64.Build.0 = Debug|x64
		{91C02B25-EEF3-44AF-A044-D31C9EE50975}.Debug|x86.ActiveCfg = Debug|Win32
		{91C02B25-EEF3-44AF-A044-D31C9EE50975}.Debug|x86.Build.0 = Debug|Win32
		{91C02B25-EEF3-44AF-A044-D31C9EE50975}.Release|x64.ActiveCfg = Release|x64
		{91C02B25-EEF3-44AF-A044-D31C9EE50975}.Release|x64.Build.0 = Release|x64
		{91C02B25-EEF3-44AF-A044-D31C9EE50975}.Release|x86.ActiveCfg = Release|Win32
		{91C02B25-EEF3-44AF-A044-D31C9EE50975}.Release|x86.Build.0 = Release|Win32
		{8D04410A-D851-4264-98B8-8DF408A99171}.Debug|x64.ActiveCfg = Debug|x64
		{8D04410A-D851-4264-98B8-8DF408A99171}.Debug|x64.Build.0 = Debug|x64
		{8D04410A-D851-4264-98B8-8DF408A99171}.Debug|x86.ActiveCfg = Debug|Win32
		{8D04410A-D851-4264-98B8-8DF408A99171}.Debug|x86.Build.0 = Debug|Win32
		{8D04410A-D851-4264-98B8-8DF408A99171}.Release|x64.ActiveCfg = Release|x64
		{8D04410A-D851-4264-98B8-8DF408A99171}.Release|x64.Build.0 = Release|x64
		{8D04410A-D851-4264-98B8-8DF408A99171}.Release|x86.ActiveCfg = Release|Win32
		{8D04410A-D851-4264-98B8-8DF408A99171}.Release|x86.Build.0 = Release|Win32
		{B85D462B-EC86-4DFF-9FCD-C83D12EC9FBF}.Debug|x64.ActiveCfg = Debug|x64
		{B85D462B-EC86-4DFF-9FCD-C83D12EC9FBF}.Debug|x64.Build.0 = Debug|x64
		{B85D462B-EC86-4DFF-9FCD-C83D12EC9FBF}.Debug|x86.ActiveCfg = Debug|Win32
		{B85D462B-EC86-4DFF-9FCD-C83D12EC9FBF}.Debug|x86.Build.0 = Debug|Win32
		{B85D462B-EC86-4DFF-9FCD-C83D12EC9FBF}.Release|x64.ActiveCfg = Release|x64
		{B85D462B-EC86-4DFF-9FCD-C83D12EC9FBF}.Release|x64.Build.0 = Release|x64
		{B85D462B-EC86-4DFF-9FCD-C83D12EC9FBF}.Release|x86.ActiveCfg = Release|Win32
		{B85D462B-EC86-4DFF-9FCD-C83D12EC9FBF}.Release|x86.Build.0 = Release|Win32
		{6F1E9326-A500-48FC-ABFF-5E1B8D39D289}.Debug|x64.ActiveCfg = Debug|x64
		{6F1E9326-A500-48FC-ABFF-5E1B8D39D289}.Debug|x64.Build.0 = Debug|x64
		{6F1E9326-A500-48FC-ABFF-5E1B8D39D289}.Debug|x86.ActiveCfg = Debug|Win32
		{6F1E9326-A500-48FC-ABFF-5E1B8D39D289}.Debug|x86.Build.0 = Debug|Win32
		{6F1E9326-A500-48FC-ABFF-5E1B8D39D289}.Release|x64.ActiveCfg = Release|x64
		{6F1E9326-A500-48FC-ABFF-5E1B8D39D289}.Release|x64.Build.0 = Release|x64
		{6F1E9326-A500-48FC-ABFF-5E1B8D39D289}.Release|x86.ActiveCfg = Release|Win32
		{6F1E9326-A500-48FC-ABFF-5E1B8D39D289}.Release|x86.Build.0 = Release|Win32
		{D352314B-9467-4DC2-8E0D-088E396B3286}.Debug|x64.ActiveCfg = Debug|x64
		{D352314B-9467-4DC2-8E0D-088E396B3286}.Debug|x64.Build.0 = Debug|x64
		{D352314B-9467-4DC2-8E0D-088E396B3286}.Debug|x86.ActiveCfg = Debug|Win32
		{D352314B-9467-4DC2-8E0D-088E396B3286}.Debug|x86.Build.0 = Debug|Win32
		{D352314B-9467-4DC2-8E0D-088E396B3286}.Release|x64.ActiveCfg = Release|x64
		{D352314B-9467-4DC2-8E0D-088E396B3286}.Release|x64.Build.0 = Release|x64
		{D352314B-9467-4DC2-8E0D-088E396B3286}.Release|x86.ActiveCfg = Release|Win32
		{D352314B-9467-4DC2-8E0D-088E396B3286}.Release|x86.Build.0 = Release|Win32
		{62F9FA7F-1168-49C7-9446-DBF51F32B20F}.Debug|x64.ActiveCfg = Debug|x64
		{62F9FA7F-1168-49C7-9446-DBF51F32B20F}.Debug|x64.Build.0 = Debug|x64
		{62F9FA7F-1168-49C7-9446-DBF51F32B20F}.Debug|x86.ActiveCfg = Debug|Win32
		{62F9FA7F-1168-49C7-9446-DBF51F32B20F}.Debug|x86.Build.0 = Debug|Win32
		{62F9FA7F-1168-49C7-9446-DBF51F32B20F}.Release|x64.ActiveCfg = Release|x64
		{62F9FA7F-1168-49C7-9446-DBF51F32B20F}.Release|x64.Build.0 = Release|x64
		{62F9FA7F-1168-49C7-9446-DBF51F32B20F}.Release|x86.ActiveCfg = Release|Win32
		{62F9FA7F-1168-49C7-9446-DBF51F32B20F}.Release|x86.Build.0 = Release|Win32
		{9A8BC4CE-65DE-4DD1-94F1-68699DCCA8CB}.Debug|x64.ActiveCfg = Debug|x64
		{9A8BC4CE-65DE-4DD1-94F1-68699DCCA8CB}.Debug|x64.Build.0 = Debug|x64
		{9A8BC4CE-65DE-4DD1-94F1-68699DCCA8CB}.Debug|x86.ActiveCfg = Debug|Win32
		{9A8BC4CE-65DE-4DD1-94F1-68699DCCA8CB}.Debug|x86.Build.0 = Debug|Win32
		{9A8BC4CE-65DE-4DD1-94F1-68699DCCA8CB}.Release|x64.ActiveCfg = Release|x64
		{9A8BC4CE-65DE-4DD1-94F1-68699DCCA8CB}.Release|x64.Build.0 = Release|x64
		{9A8BC4CE-65DE-4DD1-94F1-68699DCCA8CB}.Release|x86.ActiveCfg = Release|Win32
		{9A8BC4CE-65DE-4DD1-94F1-68699DCCA8CB}.Release|x86.Build.0 = Release|Win32
		{538ABCFD-1A74-462A-BC1B-4A7D23526671}.Debug|x64.ActiveCfg = Debug|x64
		{538ABCFD-1A74-462A-BC1B-4A7D23526671}.Debug|x64.Build.0 = Debug|x64
		{538ABCFD-1A74-462A-BC1B-4A7D23526671}.Debug|x86.ActiveCfg = Debug|Win32
		{538ABCFD-1A74-462A-BC1B-4A7D23526671}.Debug|x86.Build.0 = Debug|Win32
		{538ABCFD-1A74-462A-BC1B-4A7D23526671}.Release|x64.ActiveCfg = Release|x64
		{538ABCFD-1A74-462A-BC1B-4A7D23526671}.Release|x64.Build.0 = Release|x64
		{538ABCFD-1A74-462A-BC1B-4A7D23526671}.Release|x86.ActiveCfg = Release|Win32
		{538ABCFD-1A74-462A-BC1B-4A7D23526671}.Release|x86.Build.0 = Release|Win32
	EndGlobalSection
	GlobalSection(SolutionProperties) = preSolution
		HideSolutionNode = FALSE
	EndGlobalSection
	GlobalSection(ExtensibilityGlobals) = postSolution
		SolutionGuid = {D3DF75A0-2581-412C-9DC6-7AE1C838314D}
	EndGlobalSection
EndGlobal
