
Microsoft Visual Studio Solution File, Format Version 12.00
# Visual Studio Version 16
VisualStudioVersion = 16.0.30413.136
MinimumVisualStudioVersion = 10.0.40219.1
Project("{8BC9CEB8-8B4A-11D0-8D11-00A0C91BC942}") = "Boj1463", "Boj1463\Boj1463.vcxproj", "{807E0397-81E9-4690-B7BE-919C4D1DD909}"
EndProject
Project("{8BC9CEB8-8B4A-11D0-8D11-00A0C91BC942}") = "Boj1463_2", "Boj1463_2\Boj1463_2.vcxproj", "{23EBE881-032E-4390-AED5-98AD565DB41B}"
EndProject
Project("{8BC9CEB8-8B4A-11D0-8D11-00A0C91BC942}") = "Boj11726", "Boj11726\Boj11726.vcxproj", "{52C9871D-347C-440D-BD33-A1BA55F579AD}"
EndProject
Project("{8BC9CEB8-8B4A-11D0-8D11-00A0C91BC942}") = "Boj11726_2", "Boj11726_2\Boj11726_2.vcxproj", "{94638E4F-0E1E-4A09-9367-3A3A0F188AD5}"
EndProject
Project("{8BC9CEB8-8B4A-11D0-8D11-00A0C91BC942}") = "Boj11727", "Boj11727\Boj11727.vcxproj", "{8661B7DC-A1D2-4979-84B7-2A03FDDA4558}"
EndProject
Project("{8BC9CEB8-8B4A-11D0-8D11-00A0C91BC942}") = "Boj11727_2", "Boj11727_2\Boj11727_2.vcxproj", "{FB026EB9-4429-40E1-A0DF-9FB6DC3DD726}"
EndProject
Project("{8BC9CEB8-8B4A-11D0-8D11-00A0C91BC942}") = "Boj9095", "Boj9095\Boj9095.vcxproj", "{09438E38-EDB1-498A-9B84-321ABCEC966B}"
EndProject
Project("{8BC9CEB8-8B4A-11D0-8D11-00A0C91BC942}") = "Boj9095_2", "Boj9095_2\Boj9095_2.vcxproj", "{34445C4C-9C8C-4828-8255-96DD4057148C}"
EndProject
Project("{8BC9CEB8-8B4A-11D0-8D11-00A0C91BC942}") = "Boj10844", "Boj10844\Boj10844.vcxproj", "{79442341-0D0B-405A-9655-2F35BAF0F9CA}"
EndProject
Project("{8BC9CEB8-8B4A-11D0-8D11-00A0C91BC942}") = "Boj10844_2", "Boj10844_2\Boj10844_2.vcxproj", "{EB285710-5F8B-4638-A240-726FAE608368}"
EndProject
Project("{8BC9CEB8-8B4A-11D0-8D11-00A0C91BC942}") = "Boj11057", "Boj11057\Boj11057.vcxproj", "{AB8B1A2A-32E5-4F9A-AA33-B50EC6F7B9A1}"
EndProject
Project("{8BC9CEB8-8B4A-11D0-8D11-00A0C91BC942}") = "Boj11057_2", "Boj11057_2\Boj11057_2.vcxproj", "{500E7D3C-654A-4D16-97AD-0152EBE82A60}"
EndProject
Project("{8BC9CEB8-8B4A-11D0-8D11-00A0C91BC942}") = "Boj2193", "Boj2193\Boj2193.vcxproj", "{203325FE-32F7-44FA-9C29-7595D22D7DE4}"
EndProject
Project("{8BC9CEB8-8B4A-11D0-8D11-00A0C91BC942}") = "Boj2193_2", "Boj2193_2\Boj2193_2.vcxproj", "{AC0AD950-D777-4105-84F5-668F2DFBB78F}"
EndProject
Project("{8BC9CEB8-8B4A-11D0-8D11-00A0C91BC942}") = "Boj2156", "Boj2156\Boj2156.vcxproj", "{5704C43A-BE8C-416F-886C-8D5CD574046D}"
EndProject
Project("{8BC9CEB8-8B4A-11D0-8D11-00A0C91BC942}") = "Boj2156_2", "Boj2156_2\Boj2156_2.vcxproj", "{ECFB94F2-6877-499D-B39C-AA99141913E3}"
EndProject
Project("{8BC9CEB8-8B4A-11D0-8D11-00A0C91BC942}") = "Boj11053", "Boj11053\Boj11053.vcxproj", "{620BA6A6-D623-400A-A150-9EDC8AF2E81A}"
EndProject
Project("{8BC9CEB8-8B4A-11D0-8D11-00A0C91BC942}") = "Boj11053_2", "Boj110553_2\Boj110553_2.vcxproj", "{1B7F81F4-0A32-4686-BE28-9ADC7318E805}"
EndProject
Project("{8BC9CEB8-8B4A-11D0-8D11-00A0C91BC942}") = "Boj11055", "Boj11055\Boj11055.vcxproj", "{82AE1E94-523D-4B63-B1F8-3F39AC287527}"
EndProject
Project("{8BC9CEB8-8B4A-11D0-8D11-00A0C91BC942}") = "Boj11055_2", "Boj11055_2\Boj11055_2.vcxproj", "{1378B3A4-92B3-468C-B55A-6F5725712B06}"
EndProject
Project("{8BC9CEB8-8B4A-11D0-8D11-00A0C91BC942}") = "Boj11722", "Boj11722\Boj11722.vcxproj", "{0E858861-C5C7-461C-862B-9A6C2C3DCBDB}"
EndProject
Project("{8BC9CEB8-8B4A-11D0-8D11-00A0C91BC942}") = "Boj11722_2", "Boj11722_2\Boj11722_2.vcxproj", "{FA1FF102-FE48-49FB-B35B-8DA7EDAD8338}"
EndProject
Project("{8BC9CEB8-8B4A-11D0-8D11-00A0C91BC942}") = "Boj11054", "Boj11054\Boj11054.vcxproj", "{9B5CD51D-F6A9-4BAC-805A-AC401987B417}"
EndProject
Project("{8BC9CEB8-8B4A-11D0-8D11-00A0C91BC942}") = "Boj11054_2", "Boj11054_2\Boj11054_2.vcxproj", "{9D8D8664-99A4-4A58-ADF5-200F99CAF329}"
EndProject
Project("{8BC9CEB8-8B4A-11D0-8D11-00A0C91BC942}") = "Boj1912", "Boj1912\Boj1912.vcxproj", "{7D78AD5B-8809-4FD4-BA97-266EAA2D390D}"
EndProject
Project("{8BC9CEB8-8B4A-11D0-8D11-00A0C91BC942}") = "Boj1912_2", "Boj1912_2\Boj1912_2.vcxproj", "{9DD47990-45C6-4538-BD76-3027046E812B}"
EndProject
Project("{8BC9CEB8-8B4A-11D0-8D11-00A0C91BC942}") = "Boj2579", "Boj2579\Boj2579.vcxproj", "{21F56133-8291-4F79-A2A7-B4565B026DD0}"
EndProject
Project("{8BC9CEB8-8B4A-11D0-8D11-00A0C91BC942}") = "Boj2579_2", "Boj2579_2\Boj2579_2.vcxproj", "{EC2DAD48-9614-4956-871A-612DA85B49F3}"
EndProject
Project("{8BC9CEB8-8B4A-11D0-8D11-00A0C91BC942}") = "Boj1699", "Boj1699\Boj1699.vcxproj", "{37786171-8179-4690-909B-81F44AD34A2A}"
EndProject
Project("{8BC9CEB8-8B4A-11D0-8D11-00A0C91BC942}") = "Boj1699_2", "Boj1669_2\Boj1669_2.vcxproj", "{ABACACE2-45DA-4976-A9FD-079FD5C61373}"
EndProject
Project("{8BC9CEB8-8B4A-11D0-8D11-00A0C91BC942}") = "Boj2133", "Boj2133\Boj2133.vcxproj", "{C280869B-6D0C-4D08-A59D-EA8CBCF53D71}"
EndProject
Project("{8BC9CEB8-8B4A-11D0-8D11-00A0C91BC942}") = "Boj2133_2", "Boj2133_2\Boj2133_2.vcxproj", "{B63ACBCC-534B-47C4-9B41-49F1863C1AD6}"
EndProject
Project("{8BC9CEB8-8B4A-11D0-8D11-00A0C91BC942}") = "Boj9461", "Boj9461\Boj9461.vcxproj", "{67BD3748-9AAD-4498-8FBC-7872C1417C73}"
EndProject
Project("{8BC9CEB8-8B4A-11D0-8D11-00A0C91BC942}") = "Boj9461_2", "Boj9461_2\Boj9461_2.vcxproj", "{8484B33A-0693-4609-9E89-FFCDEB0BD4C2}"
EndProject
Project("{8BC9CEB8-8B4A-11D0-8D11-00A0C91BC942}") = "Boj2225", "Boj2225\Boj2225.vcxproj", "{623DD722-9A47-4807-A1A0-CFCE9369ABCD}"
EndProject
Project("{8BC9CEB8-8B4A-11D0-8D11-00A0C91BC942}") = "Boj2225_2", "Boj2225_2\Boj2225_2.vcxproj", "{DA86F00F-9B5E-4410-8203-0F1B8DE78108}"
EndProject
Project("{8BC9CEB8-8B4A-11D0-8D11-00A0C91BC942}") = "Boj2011", "Boj2011\Boj2011.vcxproj", "{C731D516-AE4B-40A1-8F03-A6A30F915A61}"
EndProject
Project("{8BC9CEB8-8B4A-11D0-8D11-00A0C91BC942}") = "Boj2011_2", "Boj2011_2\Boj2011_2.vcxproj", "{61E57932-4C54-42E1-A592-6D7BE71AA7CA}"
EndProject
Project("{8BC9CEB8-8B4A-11D0-8D11-00A0C91BC942}") = "Boj11052", "Boj1052\Boj1052.vcxproj", "{37413E60-11A6-474E-852D-753C6E60B086}"
EndProject
Project("{8BC9CEB8-8B4A-11D0-8D11-00A0C91BC942}") = "Boj11052_2", "Boj11052_2\Boj11052_2.vcxproj", "{D0644C04-C62D-4019-BA7C-01B7E8266295}"
EndProject
Global
	GlobalSection(SolutionConfigurationPlatforms) = preSolution
		Debug|x64 = Debug|x64
		Debug|x86 = Debug|x86
		Release|x64 = Release|x64
		Release|x86 = Release|x86
	EndGlobalSection
	GlobalSection(ProjectConfigurationPlatforms) = postSolution
		{807E0397-81E9-4690-B7BE-919C4D1DD909}.Debug|x64.ActiveCfg = Debug|x64
		{807E0397-81E9-4690-B7BE-919C4D1DD909}.Debug|x64.Build.0 = Debug|x64
		{807E0397-81E9-4690-B7BE-919C4D1DD909}.Debug|x86.ActiveCfg = Debug|Win32
		{807E0397-81E9-4690-B7BE-919C4D1DD909}.Debug|x86.Build.0 = Debug|Win32
		{807E0397-81E9-4690-B7BE-919C4D1DD909}.Release|x64.ActiveCfg = Release|x64
		{807E0397-81E9-4690-B7BE-919C4D1DD909}.Release|x64.Build.0 = Release|x64
		{807E0397-81E9-4690-B7BE-919C4D1DD909}.Release|x86.ActiveCfg = Release|Win32
		{807E0397-81E9-4690-B7BE-919C4D1DD909}.Release|x86.Build.0 = Release|Win32
		{23EBE881-032E-4390-AED5-98AD565DB41B}.Debug|x64.ActiveCfg = Debug|x64
		{23EBE881-032E-4390-AED5-98AD565DB41B}.Debug|x64.Build.0 = Debug|x64
		{23EBE881-032E-4390-AED5-98AD565DB41B}.Debug|x86.ActiveCfg = Debug|Win32
		{23EBE881-032E-4390-AED5-98AD565DB41B}.Debug|x86.Build.0 = Debug|Win32
		{23EBE881-032E-4390-AED5-98AD565DB41B}.Release|x64.ActiveCfg = Release|x64
		{23EBE881-032E-4390-AED5-98AD565DB41B}.Release|x64.Build.0 = Release|x64
		{23EBE881-032E-4390-AED5-98AD565DB41B}.Release|x86.ActiveCfg = Release|Win32
		{23EBE881-032E-4390-AED5-98AD565DB41B}.Release|x86.Build.0 = Release|Win32
		{52C9871D-347C-440D-BD33-A1BA55F579AD}.Debug|x64.ActiveCfg = Debug|x64
		{52C9871D-347C-440D-BD33-A1BA55F579AD}.Debug|x64.Build.0 = Debug|x64
		{52C9871D-347C-440D-BD33-A1BA55F579AD}.Debug|x86.ActiveCfg = Debug|Win32
		{52C9871D-347C-440D-BD33-A1BA55F579AD}.Debug|x86.Build.0 = Debug|Win32
		{52C9871D-347C-440D-BD33-A1BA55F579AD}.Release|x64.ActiveCfg = Release|x64
		{52C9871D-347C-440D-BD33-A1BA55F579AD}.Release|x64.Build.0 = Release|x64
		{52C9871D-347C-440D-BD33-A1BA55F579AD}.Release|x86.ActiveCfg = Release|Win32
		{52C9871D-347C-440D-BD33-A1BA55F579AD}.Release|x86.Build.0 = Release|Win32
		{94638E4F-0E1E-4A09-9367-3A3A0F188AD5}.Debug|x64.ActiveCfg = Debug|x64
		{94638E4F-0E1E-4A09-9367-3A3A0F188AD5}.Debug|x64.Build.0 = Debug|x64
		{94638E4F-0E1E-4A09-9367-3A3A0F188AD5}.Debug|x86.ActiveCfg = Debug|Win32
		{94638E4F-0E1E-4A09-9367-3A3A0F188AD5}.Debug|x86.Build.0 = Debug|Win32
		{94638E4F-0E1E-4A09-9367-3A3A0F188AD5}.Release|x64.ActiveCfg = Release|x64
		{94638E4F-0E1E-4A09-9367-3A3A0F188AD5}.Release|x64.Build.0 = Release|x64
		{94638E4F-0E1E-4A09-9367-3A3A0F188AD5}.Release|x86.ActiveCfg = Release|Win32
		{94638E4F-0E1E-4A09-9367-3A3A0F188AD5}.Release|x86.Build.0 = Release|Win32
		{8661B7DC-A1D2-4979-84B7-2A03FDDA4558}.Debug|x64.ActiveCfg = Debug|x64
		{8661B7DC-A1D2-4979-84B7-2A03FDDA4558}.Debug|x64.Build.0 = Debug|x64
		{8661B7DC-A1D2-4979-84B7-2A03FDDA4558}.Debug|x86.ActiveCfg = Debug|Win32
		{8661B7DC-A1D2-4979-84B7-2A03FDDA4558}.Debug|x86.Build.0 = Debug|Win32
		{8661B7DC-A1D2-4979-84B7-2A03FDDA4558}.Release|x64.ActiveCfg = Release|x64
		{8661B7DC-A1D2-4979-84B7-2A03FDDA4558}.Release|x64.Build.0 = Release|x64
		{8661B7DC-A1D2-4979-84B7-2A03FDDA4558}.Release|x86.ActiveCfg = Release|Win32
		{8661B7DC-A1D2-4979-84B7-2A03FDDA4558}.Release|x86.Build.0 = Release|Win32
		{FB026EB9-4429-40E1-A0DF-9FB6DC3DD726}.Debug|x64.ActiveCfg = Debug|x64
		{FB026EB9-4429-40E1-A0DF-9FB6DC3DD726}.Debug|x64.Build.0 = Debug|x64
		{FB026EB9-4429-40E1-A0DF-9FB6DC3DD726}.Debug|x86.ActiveCfg = Debug|Win32
		{FB026EB9-4429-40E1-A0DF-9FB6DC3DD726}.Debug|x86.Build.0 = Debug|Win32
		{FB026EB9-4429-40E1-A0DF-9FB6DC3DD726}.Release|x64.ActiveCfg = Release|x64
		{FB026EB9-4429-40E1-A0DF-9FB6DC3DD726}.Release|x64.Build.0 = Release|x64
		{FB026EB9-4429-40E1-A0DF-9FB6DC3DD726}.Release|x86.ActiveCfg = Release|Win32
		{FB026EB9-4429-40E1-A0DF-9FB6DC3DD726}.Release|x86.Build.0 = Release|Win32
		{09438E38-EDB1-498A-9B84-321ABCEC966B}.Debug|x64.ActiveCfg = Debug|x64
		{09438E38-EDB1-498A-9B84-321ABCEC966B}.Debug|x64.Build.0 = Debug|x64
		{09438E38-EDB1-498A-9B84-321ABCEC966B}.Debug|x86.ActiveCfg = Debug|Win32
		{09438E38-EDB1-498A-9B84-321ABCEC966B}.Debug|x86.Build.0 = Debug|Win32
		{09438E38-EDB1-498A-9B84-321ABCEC966B}.Release|x64.ActiveCfg = Release|x64
		{09438E38-EDB1-498A-9B84-321ABCEC966B}.Release|x64.Build.0 = Release|x64
		{09438E38-EDB1-498A-9B84-321ABCEC966B}.Release|x86.ActiveCfg = Release|Win32
		{09438E38-EDB1-498A-9B84-321ABCEC966B}.Release|x86.Build.0 = Release|Win32
		{34445C4C-9C8C-4828-8255-96DD4057148C}.Debug|x64.ActiveCfg = Debug|x64
		{34445C4C-9C8C-4828-8255-96DD4057148C}.Debug|x64.Build.0 = Debug|x64
		{34445C4C-9C8C-4828-8255-96DD4057148C}.Debug|x86.ActiveCfg = Debug|Win32
		{34445C4C-9C8C-4828-8255-96DD4057148C}.Debug|x86.Build.0 = Debug|Win32
		{34445C4C-9C8C-4828-8255-96DD4057148C}.Release|x64.ActiveCfg = Release|x64
		{34445C4C-9C8C-4828-8255-96DD4057148C}.Release|x64.Build.0 = Release|x64
		{34445C4C-9C8C-4828-8255-96DD4057148C}.Release|x86.ActiveCfg = Release|Win32
		{34445C4C-9C8C-4828-8255-96DD4057148C}.Release|x86.Build.0 = Release|Win32
		{79442341-0D0B-405A-9655-2F35BAF0F9CA}.Debug|x64.ActiveCfg = Debug|x64
		{79442341-0D0B-405A-9655-2F35BAF0F9CA}.Debug|x64.Build.0 = Debug|x64
		{79442341-0D0B-405A-9655-2F35BAF0F9CA}.Debug|x86.ActiveCfg = Debug|Win32
		{79442341-0D0B-405A-9655-2F35BAF0F9CA}.Debug|x86.Build.0 = Debug|Win32
		{79442341-0D0B-405A-9655-2F35BAF0F9CA}.Release|x64.ActiveCfg = Release|x64
		{79442341-0D0B-405A-9655-2F35BAF0F9CA}.Release|x64.Build.0 = Release|x64
		{79442341-0D0B-405A-9655-2F35BAF0F9CA}.Release|x86.ActiveCfg = Release|Win32
		{79442341-0D0B-405A-9655-2F35BAF0F9CA}.Release|x86.Build.0 = Release|Win32
		{EB285710-5F8B-4638-A240-726FAE608368}.Debug|x64.ActiveCfg = Debug|x64
		{EB285710-5F8B-4638-A240-726FAE608368}.Debug|x64.Build.0 = Debug|x64
		{EB285710-5F8B-4638-A240-726FAE608368}.Debug|x86.ActiveCfg = Debug|Win32
		{EB285710-5F8B-4638-A240-726FAE608368}.Debug|x86.Build.0 = Debug|Win32
		{EB285710-5F8B-4638-A240-726FAE608368}.Release|x64.ActiveCfg = Release|x64
		{EB285710-5F8B-4638-A240-726FAE608368}.Release|x64.Build.0 = Release|x64
		{EB285710-5F8B-4638-A240-726FAE608368}.Release|x86.ActiveCfg = Release|Win32
		{EB285710-5F8B-4638-A240-726FAE608368}.Release|x86.Build.0 = Release|Win32
		{AB8B1A2A-32E5-4F9A-AA33-B50EC6F7B9A1}.Debug|x64.ActiveCfg = Debug|x64
		{AB8B1A2A-32E5-4F9A-AA33-B50EC6F7B9A1}.Debug|x64.Build.0 = Debug|x64
		{AB8B1A2A-32E5-4F9A-AA33-B50EC6F7B9A1}.Debug|x86.ActiveCfg = Debug|Win32
		{AB8B1A2A-32E5-4F9A-AA33-B50EC6F7B9A1}.Debug|x86.Build.0 = Debug|Win32
		{AB8B1A2A-32E5-4F9A-AA33-B50EC6F7B9A1}.Release|x64.ActiveCfg = Release|x64
		{AB8B1A2A-32E5-4F9A-AA33-B50EC6F7B9A1}.Release|x64.Build.0 = Release|x64
		{AB8B1A2A-32E5-4F9A-AA33-B50EC6F7B9A1}.Release|x86.ActiveCfg = Release|Win32
		{AB8B1A2A-32E5-4F9A-AA33-B50EC6F7B9A1}.Release|x86.Build.0 = Release|Win32
		{500E7D3C-654A-4D16-97AD-0152EBE82A60}.Debug|x64.ActiveCfg = Debug|x64
		{500E7D3C-654A-4D16-97AD-0152EBE82A60}.Debug|x64.Build.0 = Debug|x64
		{500E7D3C-654A-4D16-97AD-0152EBE82A60}.Debug|x86.ActiveCfg = Debug|Win32
		{500E7D3C-654A-4D16-97AD-0152EBE82A60}.Debug|x86.Build.0 = Debug|Win32
		{500E7D3C-654A-4D16-97AD-0152EBE82A60}.Release|x64.ActiveCfg = Release|x64
		{500E7D3C-654A-4D16-97AD-0152EBE82A60}.Release|x64.Build.0 = Release|x64
		{500E7D3C-654A-4D16-97AD-0152EBE82A60}.Release|x86.ActiveCfg = Release|Win32
		{500E7D3C-654A-4D16-97AD-0152EBE82A60}.Release|x86.Build.0 = Release|Win32
		{203325FE-32F7-44FA-9C29-7595D22D7DE4}.Debug|x64.ActiveCfg = Debug|x64
		{203325FE-32F7-44FA-9C29-7595D22D7DE4}.Debug|x64.Build.0 = Debug|x64
		{203325FE-32F7-44FA-9C29-7595D22D7DE4}.Debug|x86.ActiveCfg = Debug|Win32
		{203325FE-32F7-44FA-9C29-7595D22D7DE4}.Debug|x86.Build.0 = Debug|Win32
		{203325FE-32F7-44FA-9C29-7595D22D7DE4}.Release|x64.ActiveCfg = Release|x64
		{203325FE-32F7-44FA-9C29-7595D22D7DE4}.Release|x64.Build.0 = Release|x64
		{203325FE-32F7-44FA-9C29-7595D22D7DE4}.Release|x86.ActiveCfg = Release|Win32
		{203325FE-32F7-44FA-9C29-7595D22D7DE4}.Release|x86.Build.0 = Release|Win32
		{AC0AD950-D777-4105-84F5-668F2DFBB78F}.Debug|x64.ActiveCfg = Debug|x64
		{AC0AD950-D777-4105-84F5-668F2DFBB78F}.Debug|x64.Build.0 = Debug|x64
		{AC0AD950-D777-4105-84F5-668F2DFBB78F}.Debug|x86.ActiveCfg = Debug|Win32
		{AC0AD950-D777-4105-84F5-668F2DFBB78F}.Debug|x86.Build.0 = Debug|Win32
		{AC0AD950-D777-4105-84F5-668F2DFBB78F}.Release|x64.ActiveCfg = Release|x64
		{AC0AD950-D777-4105-84F5-668F2DFBB78F}.Release|x64.Build.0 = Release|x64
		{AC0AD950-D777-4105-84F5-668F2DFBB78F}.Release|x86.ActiveCfg = Release|Win32
		{AC0AD950-D777-4105-84F5-668F2DFBB78F}.Release|x86.Build.0 = Release|Win32
		{5704C43A-BE8C-416F-886C-8D5CD574046D}.Debug|x64.ActiveCfg = Debug|x64
		{5704C43A-BE8C-416F-886C-8D5CD574046D}.Debug|x64.Build.0 = Debug|x64
		{5704C43A-BE8C-416F-886C-8D5CD574046D}.Debug|x86.ActiveCfg = Debug|Win32
		{5704C43A-BE8C-416F-886C-8D5CD574046D}.Debug|x86.Build.0 = Debug|Win32
		{5704C43A-BE8C-416F-886C-8D5CD574046D}.Release|x64.ActiveCfg = Release|x64
		{5704C43A-BE8C-416F-886C-8D5CD574046D}.Release|x64.Build.0 = Release|x64
		{5704C43A-BE8C-416F-886C-8D5CD574046D}.Release|x86.ActiveCfg = Release|Win32
		{5704C43A-BE8C-416F-886C-8D5CD574046D}.Release|x86.Build.0 = Release|Win32
		{ECFB94F2-6877-499D-B39C-AA99141913E3}.Debug|x64.ActiveCfg = Debug|x64
		{ECFB94F2-6877-499D-B39C-AA99141913E3}.Debug|x64.Build.0 = Debug|x64
		{ECFB94F2-6877-499D-B39C-AA99141913E3}.Debug|x86.ActiveCfg = Debug|Win32
		{ECFB94F2-6877-499D-B39C-AA99141913E3}.Debug|x86.Build.0 = Debug|Win32
		{ECFB94F2-6877-499D-B39C-AA99141913E3}.Release|x64.ActiveCfg = Release|x64
		{ECFB94F2-6877-499D-B39C-AA99141913E3}.Release|x64.Build.0 = Release|x64
		{ECFB94F2-6877-499D-B39C-AA99141913E3}.Release|x86.ActiveCfg = Release|Win32
		{ECFB94F2-6877-499D-B39C-AA99141913E3}.Release|x86.Build.0 = Release|Win32
		{620BA6A6-D623-400A-A150-9EDC8AF2E81A}.Debug|x64.ActiveCfg = Debug|x64
		{620BA6A6-D623-400A-A150-9EDC8AF2E81A}.Debug|x64.Build.0 = Debug|x64
		{620BA6A6-D623-400A-A150-9EDC8AF2E81A}.Debug|x86.ActiveCfg = Debug|Win32
		{620BA6A6-D623-400A-A150-9EDC8AF2E81A}.Debug|x86.Build.0 = Debug|Win32
		{620BA6A6-D623-400A-A150-9EDC8AF2E81A}.Release|x64.ActiveCfg = Release|x64
		{620BA6A6-D623-400A-A150-9EDC8AF2E81A}.Release|x64.Build.0 = Release|x64
		{620BA6A6-D623-400A-A150-9EDC8AF2E81A}.Release|x86.ActiveCfg = Release|Win32
		{620BA6A6-D623-400A-A150-9EDC8AF2E81A}.Release|x86.Build.0 = Release|Win32
		{1B7F81F4-0A32-4686-BE28-9ADC7318E805}.Debug|x64.ActiveCfg = Debug|x64
		{1B7F81F4-0A32-4686-BE28-9ADC7318E805}.Debug|x64.Build.0 = Debug|x64
		{1B7F81F4-0A32-4686-BE28-9ADC7318E805}.Debug|x86.ActiveCfg = Debug|Win32
		{1B7F81F4-0A32-4686-BE28-9ADC7318E805}.Debug|x86.Build.0 = Debug|Win32
		{1B7F81F4-0A32-4686-BE28-9ADC7318E805}.Release|x64.ActiveCfg = Release|x64
		{1B7F81F4-0A32-4686-BE28-9ADC7318E805}.Release|x64.Build.0 = Release|x64
		{1B7F81F4-0A32-4686-BE28-9ADC7318E805}.Release|x86.ActiveCfg = Release|Win32
		{1B7F81F4-0A32-4686-BE28-9ADC7318E805}.Release|x86.Build.0 = Release|Win32
		{82AE1E94-523D-4B63-B1F8-3F39AC287527}.Debug|x64.ActiveCfg = Debug|x64
		{82AE1E94-523D-4B63-B1F8-3F39AC287527}.Debug|x64.Build.0 = Debug|x64
		{82AE1E94-523D-4B63-B1F8-3F39AC287527}.Debug|x86.ActiveCfg = Debug|Win32
		{82AE1E94-523D-4B63-B1F8-3F39AC287527}.Debug|x86.Build.0 = Debug|Win32
		{82AE1E94-523D-4B63-B1F8-3F39AC287527}.Release|x64.ActiveCfg = Release|x64
		{82AE1E94-523D-4B63-B1F8-3F39AC287527}.Release|x64.Build.0 = Release|x64
		{82AE1E94-523D-4B63-B1F8-3F39AC287527}.Release|x86.ActiveCfg = Release|Win32
		{82AE1E94-523D-4B63-B1F8-3F39AC287527}.Release|x86.Build.0 = Release|Win32
		{1378B3A4-92B3-468C-B55A-6F5725712B06}.Debug|x64.ActiveCfg = Debug|x64
		{1378B3A4-92B3-468C-B55A-6F5725712B06}.Debug|x64.Build.0 = Debug|x64
		{1378B3A4-92B3-468C-B55A-6F5725712B06}.Debug|x86.ActiveCfg = Debug|Win32
		{1378B3A4-92B3-468C-B55A-6F5725712B06}.Debug|x86.Build.0 = Debug|Win32
		{1378B3A4-92B3-468C-B55A-6F5725712B06}.Release|x64.ActiveCfg = Release|x64
		{1378B3A4-92B3-468C-B55A-6F5725712B06}.Release|x64.Build.0 = Release|x64
		{1378B3A4-92B3-468C-B55A-6F5725712B06}.Release|x86.ActiveCfg = Release|Win32
		{1378B3A4-92B3-468C-B55A-6F5725712B06}.Release|x86.Build.0 = Release|Win32
		{0E858861-C5C7-461C-862B-9A6C2C3DCBDB}.Debug|x64.ActiveCfg = Debug|x64
		{0E858861-C5C7-461C-862B-9A6C2C3DCBDB}.Debug|x64.Build.0 = Debug|x64
		{0E858861-C5C7-461C-862B-9A6C2C3DCBDB}.Debug|x86.ActiveCfg = Debug|Win32
		{0E858861-C5C7-461C-862B-9A6C2C3DCBDB}.Debug|x86.Build.0 = Debug|Win32
		{0E858861-C5C7-461C-862B-9A6C2C3DCBDB}.Release|x64.ActiveCfg = Release|x64
		{0E858861-C5C7-461C-862B-9A6C2C3DCBDB}.Release|x64.Build.0 = Release|x64
		{0E858861-C5C7-461C-862B-9A6C2C3DCBDB}.Release|x86.ActiveCfg = Release|Win32
		{0E858861-C5C7-461C-862B-9A6C2C3DCBDB}.Release|x86.Build.0 = Release|Win32
		{FA1FF102-FE48-49FB-B35B-8DA7EDAD8338}.Debug|x64.ActiveCfg = Debug|x64
		{FA1FF102-FE48-49FB-B35B-8DA7EDAD8338}.Debug|x64.Build.0 = Debug|x64
		{FA1FF102-FE48-49FB-B35B-8DA7EDAD8338}.Debug|x86.ActiveCfg = Debug|Win32
		{FA1FF102-FE48-49FB-B35B-8DA7EDAD8338}.Debug|x86.Build.0 = Debug|Win32
		{FA1FF102-FE48-49FB-B35B-8DA7EDAD8338}.Release|x64.ActiveCfg = Release|x64
		{FA1FF102-FE48-49FB-B35B-8DA7EDAD8338}.Release|x64.Build.0 = Release|x64
		{FA1FF102-FE48-49FB-B35B-8DA7EDAD8338}.Release|x86.ActiveCfg = Release|Win32
		{FA1FF102-FE48-49FB-B35B-8DA7EDAD8338}.Release|x86.Build.0 = Release|Win32
		{9B5CD51D-F6A9-4BAC-805A-AC401987B417}.Debug|x64.ActiveCfg = Debug|x64
		{9B5CD51D-F6A9-4BAC-805A-AC401987B417}.Debug|x64.Build.0 = Debug|x64
		{9B5CD51D-F6A9-4BAC-805A-AC401987B417}.Debug|x86.ActiveCfg = Debug|Win32
		{9B5CD51D-F6A9-4BAC-805A-AC401987B417}.Debug|x86.Build.0 = Debug|Win32
		{9B5CD51D-F6A9-4BAC-805A-AC401987B417}.Release|x64.ActiveCfg = Release|x64
		{9B5CD51D-F6A9-4BAC-805A-AC401987B417}.Release|x64.Build.0 = Release|x64
		{9B5CD51D-F6A9-4BAC-805A-AC401987B417}.Release|x86.ActiveCfg = Release|Win32
		{9B5CD51D-F6A9-4BAC-805A-AC401987B417}.Release|x86.Build.0 = Release|Win32
		{9D8D8664-99A4-4A58-ADF5-200F99CAF329}.Debug|x64.ActiveCfg = Debug|x64
		{9D8D8664-99A4-4A58-ADF5-200F99CAF329}.Debug|x64.Build.0 = Debug|x64
		{9D8D8664-99A4-4A58-ADF5-200F99CAF329}.Debug|x86.ActiveCfg = Debug|Win32
		{9D8D8664-99A4-4A58-ADF5-200F99CAF329}.Debug|x86.Build.0 = Debug|Win32
		{9D8D8664-99A4-4A58-ADF5-200F99CAF329}.Release|x64.ActiveCfg = Release|x64
		{9D8D8664-99A4-4A58-ADF5-200F99CAF329}.Release|x64.Build.0 = Release|x64
		{9D8D8664-99A4-4A58-ADF5-200F99CAF329}.Release|x86.ActiveCfg = Release|Win32
		{9D8D8664-99A4-4A58-ADF5-200F99CAF329}.Release|x86.Build.0 = Release|Win32
		{7D78AD5B-8809-4FD4-BA97-266EAA2D390D}.Debug|x64.ActiveCfg = Debug|x64
		{7D78AD5B-8809-4FD4-BA97-266EAA2D390D}.Debug|x64.Build.0 = Debug|x64
		{7D78AD5B-8809-4FD4-BA97-266EAA2D390D}.Debug|x86.ActiveCfg = Debug|Win32
		{7D78AD5B-8809-4FD4-BA97-266EAA2D390D}.Debug|x86.Build.0 = Debug|Win32
		{7D78AD5B-8809-4FD4-BA97-266EAA2D390D}.Release|x64.ActiveCfg = Release|x64
		{7D78AD5B-8809-4FD4-BA97-266EAA2D390D}.Release|x64.Build.0 = Release|x64
		{7D78AD5B-8809-4FD4-BA97-266EAA2D390D}.Release|x86.ActiveCfg = Release|Win32
		{7D78AD5B-8809-4FD4-BA97-266EAA2D390D}.Release|x86.Build.0 = Release|Win32
		{9DD47990-45C6-4538-BD76-3027046E812B}.Debug|x64.ActiveCfg = Debug|x64
		{9DD47990-45C6-4538-BD76-3027046E812B}.Debug|x64.Build.0 = Debug|x64
		{9DD47990-45C6-4538-BD76-3027046E812B}.Debug|x86.ActiveCfg = Debug|Win32
		{9DD47990-45C6-4538-BD76-3027046E812B}.Debug|x86.Build.0 = Debug|Win32
		{9DD47990-45C6-4538-BD76-3027046E812B}.Release|x64.ActiveCfg = Release|x64
		{9DD47990-45C6-4538-BD76-3027046E812B}.Release|x64.Build.0 = Release|x64
		{9DD47990-45C6-4538-BD76-3027046E812B}.Release|x86.ActiveCfg = Release|Win32
		{9DD47990-45C6-4538-BD76-3027046E812B}.Release|x86.Build.0 = Release|Win32
		{21F56133-8291-4F79-A2A7-B4565B026DD0}.Debug|x64.ActiveCfg = Debug|x64
		{21F56133-8291-4F79-A2A7-B4565B026DD0}.Debug|x64.Build.0 = Debug|x64
		{21F56133-8291-4F79-A2A7-B4565B026DD0}.Debug|x86.ActiveCfg = Debug|Win32
		{21F56133-8291-4F79-A2A7-B4565B026DD0}.Debug|x86.Build.0 = Debug|Win32
		{21F56133-8291-4F79-A2A7-B4565B026DD0}.Release|x64.ActiveCfg = Release|x64
		{21F56133-8291-4F79-A2A7-B4565B026DD0}.Release|x64.Build.0 = Release|x64
		{21F56133-8291-4F79-A2A7-B4565B026DD0}.Release|x86.ActiveCfg = Release|Win32
		{21F56133-8291-4F79-A2A7-B4565B026DD0}.Release|x86.Build.0 = Release|Win32
		{EC2DAD48-9614-4956-871A-612DA85B49F3}.Debug|x64.ActiveCfg = Debug|x64
		{EC2DAD48-9614-4956-871A-612DA85B49F3}.Debug|x64.Build.0 = Debug|x64
		{EC2DAD48-9614-4956-871A-612DA85B49F3}.Debug|x86.ActiveCfg = Debug|Win32
		{EC2DAD48-9614-4956-871A-612DA85B49F3}.Debug|x86.Build.0 = Debug|Win32
		{EC2DAD48-9614-4956-871A-612DA85B49F3}.Release|x64.ActiveCfg = Release|x64
		{EC2DAD48-9614-4956-871A-612DA85B49F3}.Release|x64.Build.0 = Release|x64
		{EC2DAD48-9614-4956-871A-612DA85B49F3}.Release|x86.ActiveCfg = Release|Win32
		{EC2DAD48-9614-4956-871A-612DA85B49F3}.Release|x86.Build.0 = Release|Win32
		{37786171-8179-4690-909B-81F44AD34A2A}.Debug|x64.ActiveCfg = Debug|x64
		{37786171-8179-4690-909B-81F44AD34A2A}.Debug|x64.Build.0 = Debug|x64
		{37786171-8179-4690-909B-81F44AD34A2A}.Debug|x86.ActiveCfg = Debug|Win32
		{37786171-8179-4690-909B-81F44AD34A2A}.Debug|x86.Build.0 = Debug|Win32
		{37786171-8179-4690-909B-81F44AD34A2A}.Release|x64.ActiveCfg = Release|x64
		{37786171-8179-4690-909B-81F44AD34A2A}.Release|x64.Build.0 = Release|x64
		{37786171-8179-4690-909B-81F44AD34A2A}.Release|x86.ActiveCfg = Release|Win32
		{37786171-8179-4690-909B-81F44AD34A2A}.Release|x86.Build.0 = Release|Win32
		{ABACACE2-45DA-4976-A9FD-079FD5C61373}.Debug|x64.ActiveCfg = Debug|x64
		{ABACACE2-45DA-4976-A9FD-079FD5C61373}.Debug|x64.Build.0 = Debug|x64
		{ABACACE2-45DA-4976-A9FD-079FD5C61373}.Debug|x86.ActiveCfg = Debug|Win32
		{ABACACE2-45DA-4976-A9FD-079FD5C61373}.Debug|x86.Build.0 = Debug|Win32
		{ABACACE2-45DA-4976-A9FD-079FD5C61373}.Release|x64.ActiveCfg = Release|x64
		{ABACACE2-45DA-4976-A9FD-079FD5C61373}.Release|x64.Build.0 = Release|x64
		{ABACACE2-45DA-4976-A9FD-079FD5C61373}.Release|x86.ActiveCfg = Release|Win32
		{ABACACE2-45DA-4976-A9FD-079FD5C61373}.Release|x86.Build.0 = Release|Win32
		{C280869B-6D0C-4D08-A59D-EA8CBCF53D71}.Debug|x64.ActiveCfg = Debug|x64
		{C280869B-6D0C-4D08-A59D-EA8CBCF53D71}.Debug|x64.Build.0 = Debug|x64
		{C280869B-6D0C-4D08-A59D-EA8CBCF53D71}.Debug|x86.ActiveCfg = Debug|Win32
		{C280869B-6D0C-4D08-A59D-EA8CBCF53D71}.Debug|x86.Build.0 = Debug|Win32
		{C280869B-6D0C-4D08-A59D-EA8CBCF53D71}.Release|x64.ActiveCfg = Release|x64
		{C280869B-6D0C-4D08-A59D-EA8CBCF53D71}.Release|x64.Build.0 = Release|x64
		{C280869B-6D0C-4D08-A59D-EA8CBCF53D71}.Release|x86.ActiveCfg = Release|Win32
		{C280869B-6D0C-4D08-A59D-EA8CBCF53D71}.Release|x86.Build.0 = Release|Win32
		{B63ACBCC-534B-47C4-9B41-49F1863C1AD6}.Debug|x64.ActiveCfg = Debug|x64
		{B63ACBCC-534B-47C4-9B41-49F1863C1AD6}.Debug|x64.Build.0 = Debug|x64
		{B63ACBCC-534B-47C4-9B41-49F1863C1AD6}.Debug|x86.ActiveCfg = Debug|Win32
		{B63ACBCC-534B-47C4-9B41-49F1863C1AD6}.Debug|x86.Build.0 = Debug|Win32
		{B63ACBCC-534B-47C4-9B41-49F1863C1AD6}.Release|x64.ActiveCfg = Release|x64
		{B63ACBCC-534B-47C4-9B41-49F1863C1AD6}.Release|x64.Build.0 = Release|x64
		{B63ACBCC-534B-47C4-9B41-49F1863C1AD6}.Release|x86.ActiveCfg = Release|Win32
		{B63ACBCC-534B-47C4-9B41-49F1863C1AD6}.Release|x86.Build.0 = Release|Win32
		{67BD3748-9AAD-4498-8FBC-7872C1417C73}.Debug|x64.ActiveCfg = Debug|x64
		{67BD3748-9AAD-4498-8FBC-7872C1417C73}.Debug|x64.Build.0 = Debug|x64
		{67BD3748-9AAD-4498-8FBC-7872C1417C73}.Debug|x86.ActiveCfg = Debug|Win32
		{67BD3748-9AAD-4498-8FBC-7872C1417C73}.Debug|x86.Build.0 = Debug|Win32
		{67BD3748-9AAD-4498-8FBC-7872C1417C73}.Release|x64.ActiveCfg = Release|x64
		{67BD3748-9AAD-4498-8FBC-7872C1417C73}.Release|x64.Build.0 = Release|x64
		{67BD3748-9AAD-4498-8FBC-7872C1417C73}.Release|x86.ActiveCfg = Release|Win32
		{67BD3748-9AAD-4498-8FBC-7872C1417C73}.Release|x86.Build.0 = Release|Win32
		{8484B33A-0693-4609-9E89-FFCDEB0BD4C2}.Debug|x64.ActiveCfg = Debug|x64
		{8484B33A-0693-4609-9E89-FFCDEB0BD4C2}.Debug|x64.Build.0 = Debug|x64
		{8484B33A-0693-4609-9E89-FFCDEB0BD4C2}.Debug|x86.ActiveCfg = Debug|Win32
		{8484B33A-0693-4609-9E89-FFCDEB0BD4C2}.Debug|x86.Build.0 = Debug|Win32
		{8484B33A-0693-4609-9E89-FFCDEB0BD4C2}.Release|x64.ActiveCfg = Release|x64
		{8484B33A-0693-4609-9E89-FFCDEB0BD4C2}.Release|x64.Build.0 = Release|x64
		{8484B33A-0693-4609-9E89-FFCDEB0BD4C2}.Release|x86.ActiveCfg = Release|Win32
		{8484B33A-0693-4609-9E89-FFCDEB0BD4C2}.Release|x86.Build.0 = Release|Win32
		{623DD722-9A47-4807-A1A0-CFCE9369ABCD}.Debug|x64.ActiveCfg = Debug|x64
		{623DD722-9A47-4807-A1A0-CFCE9369ABCD}.Debug|x64.Build.0 = Debug|x64
		{623DD722-9A47-4807-A1A0-CFCE9369ABCD}.Debug|x86.ActiveCfg = Debug|Win32
		{623DD722-9A47-4807-A1A0-CFCE9369ABCD}.Debug|x86.Build.0 = Debug|Win32
		{623DD722-9A47-4807-A1A0-CFCE9369ABCD}.Release|x64.ActiveCfg = Release|x64
		{623DD722-9A47-4807-A1A0-CFCE9369ABCD}.Release|x64.Build.0 = Release|x64
		{623DD722-9A47-4807-A1A0-CFCE9369ABCD}.Release|x86.ActiveCfg = Release|Win32
		{623DD722-9A47-4807-A1A0-CFCE9369ABCD}.Release|x86.Build.0 = Release|Win32
		{DA86F00F-9B5E-4410-8203-0F1B8DE78108}.Debug|x64.ActiveCfg = Debug|x64
		{DA86F00F-9B5E-4410-8203-0F1B8DE78108}.Debug|x64.Build.0 = Debug|x64
		{DA86F00F-9B5E-4410-8203-0F1B8DE78108}.Debug|x86.ActiveCfg = Debug|Win32
		{DA86F00F-9B5E-4410-8203-0F1B8DE78108}.Debug|x86.Build.0 = Debug|Win32
		{DA86F00F-9B5E-4410-8203-0F1B8DE78108}.Release|x64.ActiveCfg = Release|x64
		{DA86F00F-9B5E-4410-8203-0F1B8DE78108}.Release|x64.Build.0 = Release|x64
		{DA86F00F-9B5E-4410-8203-0F1B8DE78108}.Release|x86.ActiveCfg = Release|Win32
		{DA86F00F-9B5E-4410-8203-0F1B8DE78108}.Release|x86.Build.0 = Release|Win32
		{C731D516-AE4B-40A1-8F03-A6A30F915A61}.Debug|x64.ActiveCfg = Debug|x64
		{C731D516-AE4B-40A1-8F03-A6A30F915A61}.Debug|x64.Build.0 = Debug|x64
		{C731D516-AE4B-40A1-8F03-A6A30F915A61}.Debug|x86.ActiveCfg = Debug|Win32
		{C731D516-AE4B-40A1-8F03-A6A30F915A61}.Debug|x86.Build.0 = Debug|Win32
		{C731D516-AE4B-40A1-8F03-A6A30F915A61}.Release|x64.ActiveCfg = Release|x64
		{C731D516-AE4B-40A1-8F03-A6A30F915A61}.Release|x64.Build.0 = Release|x64
		{C731D516-AE4B-40A1-8F03-A6A30F915A61}.Release|x86.ActiveCfg = Release|Win32
		{C731D516-AE4B-40A1-8F03-A6A30F915A61}.Release|x86.Build.0 = Release|Win32
		{61E57932-4C54-42E1-A592-6D7BE71AA7CA}.Debug|x64.ActiveCfg = Debug|x64
		{61E57932-4C54-42E1-A592-6D7BE71AA7CA}.Debug|x64.Build.0 = Debug|x64
		{61E57932-4C54-42E1-A592-6D7BE71AA7CA}.Debug|x86.ActiveCfg = Debug|Win32
		{61E57932-4C54-42E1-A592-6D7BE71AA7CA}.Debug|x86.Build.0 = Debug|Win32
		{61E57932-4C54-42E1-A592-6D7BE71AA7CA}.Release|x64.ActiveCfg = Release|x64
		{61E57932-4C54-42E1-A592-6D7BE71AA7CA}.Release|x64.Build.0 = Release|x64
		{61E57932-4C54-42E1-A592-6D7BE71AA7CA}.Release|x86.ActiveCfg = Release|Win32
		{61E57932-4C54-42E1-A592-6D7BE71AA7CA}.Release|x86.Build.0 = Release|Win32
		{37413E60-11A6-474E-852D-753C6E60B086}.Debug|x64.ActiveCfg = Debug|x64
		{37413E60-11A6-474E-852D-753C6E60B086}.Debug|x64.Build.0 = Debug|x64
		{37413E60-11A6-474E-852D-753C6E60B086}.Debug|x86.ActiveCfg = Debug|Win32
		{37413E60-11A6-474E-852D-753C6E60B086}.Debug|x86.Build.0 = Debug|Win32
		{37413E60-11A6-474E-852D-753C6E60B086}.Release|x64.ActiveCfg = Release|x64
		{37413E60-11A6-474E-852D-753C6E60B086}.Release|x64.Build.0 = Release|x64
		{37413E60-11A6-474E-852D-753C6E60B086}.Release|x86.ActiveCfg = Release|Win32
		{37413E60-11A6-474E-852D-753C6E60B086}.Release|x86.Build.0 = Release|Win32
		{D0644C04-C62D-4019-BA7C-01B7E8266295}.Debug|x64.ActiveCfg = Debug|x64
		{D0644C04-C62D-4019-BA7C-01B7E8266295}.Debug|x64.Build.0 = Debug|x64
		{D0644C04-C62D-4019-BA7C-01B7E8266295}.Debug|x86.ActiveCfg = Debug|Win32
		{D0644C04-C62D-4019-BA7C-01B7E8266295}.Debug|x86.Build.0 = Debug|Win32
		{D0644C04-C62D-4019-BA7C-01B7E8266295}.Release|x64.ActiveCfg = Release|x64
		{D0644C04-C62D-4019-BA7C-01B7E8266295}.Release|x64.Build.0 = Release|x64
		{D0644C04-C62D-4019-BA7C-01B7E8266295}.Release|x86.ActiveCfg = Release|Win32
		{D0644C04-C62D-4019-BA7C-01B7E8266295}.Release|x86.Build.0 = Release|Win32
	EndGlobalSection
	GlobalSection(SolutionProperties) = preSolution
		HideSolutionNode = FALSE
	EndGlobalSection
	GlobalSection(ExtensibilityGlobals) = postSolution
		SolutionGuid = {9F364571-6572-4A87-BDEA-F8F1B328CAC1}
	EndGlobalSection
EndGlobal
