
Microsoft Visual Studio Solution File, Format Version 12.00
# Visual Studio Version 16
VisualStudioVersion = 16.0.30413.136
MinimumVisualStudioVersion = 10.0.40219.1
Project("{8BC9CEB8-8B4A-11D0-8D11-00A0C91BC942}") = "Boj1463", "Boj1463\Boj1463.vcxproj", "{807E0397-81E9-4690-B7BE-919C4D1DD909}"
EndProject
Project("{8BC9CEB8-8B4A-11D0-8D11-00A0C91BC942}") = "Boj1463_2", "Boj1463_2\Boj1463_2.vcxproj", "{23EBE881-032E-4390-AED5-98AD565DB41B}"
EndProject
Project("{8BC9CEB8-8B4A-11D0-8D11-00A0C91BC942}") = "Boj11726", "Boj11726\Boj11726.vcxproj", "{52C9871D-347C-440D-BD33-A1BA55F579AD}"
EndProject
Project("{8BC9CEB8-8B4A-11D0-8D11-00A0C91BC942}") = "Boj11726_2", "Boj11726_2\Boj11726_2.vcxproj", "{94638E4F-0E1E-4A09-9367-3A3A0F188AD5}"
EndProject
Project("{8BC9CEB8-8B4A-11D0-8D11-00A0C91BC942}") = "Boj11727", "Boj11727\Boj11727.vcxproj", "{8661B7DC-A1D2-4979-84B7-2A03FDDA4558}"
EndProject
Project("{8BC9CEB8-8B4A-11D0-8D11-00A0C91BC942}") = "Boj11727_2", "Boj11727_2\Boj11727_2.vcxproj", "{FB026EB9-4429-40E1-A0DF-9FB6DC3DD726}"
EndProject
Project("{8BC9CEB8-8B4A-11D0-8D11-00A0C91BC942}") = "Boj9095", "Boj9095\Boj9095.vcxproj", "{09438E38-EDB1-498A-9B84-321ABCEC966B}"
EndProject
Project("{8BC9CEB8-8B4A-11D0-8D11-00A0C91BC942}") = "Boj9095_2", "Boj9095_2\Boj9095_2.vcxproj", "{34445C4C-9C8C-4828-8255-96DD4057148C}"
EndProject
Project("{8BC9CEB8-8B4A-11D0-8D11-00A0C91BC942}") = "Boj10844", "Boj10844\Boj10844.vcxproj", "{79442341-0D0B-405A-9655-2F35BAF0F9CA}"
EndProject
Project("{8BC9CEB8-8B4A-11D0-8D11-00A0C91BC942}") = "Boj10844_2", "Boj10844_2\Boj10844_2.vcxproj", "{EB285710-5F8B-4638-A240-726FAE608368}"
EndProject
Project("{8BC9CEB8-8B4A-11D0-8D11-00A0C91BC942}") = "Boj11057", "Boj11057\Boj11057.vcxproj", "{AB8B1A2A-32E5-4F9A-AA33-B50EC6F7B9A1}"
EndProject
Project("{8BC9CEB8-8B4A-11D0-8D11-00A0C91BC942}") = "Boj11057_2", "Boj11057_2\Boj11057_2.vcxproj", "{500E7D3C-654A-4D16-97AD-0152EBE82A60}"
EndProject
Project("{8BC9CEB8-8B4A-11D0-8D11-00A0C91BC942}") = "Boj2193", "Boj2193\Boj2193.vcxproj", "{203325FE-32F7-44FA-9C29-7595D22D7DE4}"
EndProject
Project("{8BC9CEB8-8B4A-11D0-8D11-00A0C91BC942}") = "Boj2193_2", "Boj2193_2\Boj2193_2.vcxproj", "{AC0AD950-D777-4105-84F5-668F2DFBB78F}"
EndProject
Global
	GlobalSection(SolutionConfigurationPlatforms) = preSolution
		Debug|x64 = Debug|x64
		Debug|x86 = Debug|x86
		Release|x64 = Release|x64
		Release|x86 = Release|x86
	EndGlobalSection
	GlobalSection(ProjectConfigurationPlatforms) = postSolution
		{807E0397-81E9-4690-B7BE-919C4D1DD909}.Debug|x64.ActiveCfg = Debug|x64
		{807E0397-81E9-4690-B7BE-919C4D1DD909}.Debug|x64.Build.0 = Debug|x64
		{807E0397-81E9-4690-B7BE-919C4D1DD909}.Debug|x86.ActiveCfg = Debug|Win32
		{807E0397-81E9-4690-B7BE-919C4D1DD909}.Debug|x86.Build.0 = Debug|Win32
		{807E0397-81E9-4690-B7BE-919C4D1DD909}.Release|x64.ActiveCfg = Release|x64
		{807E0397-81E9-4690-B7BE-919C4D1DD909}.Release|x64.Build.0 = Release|x64
		{807E0397-81E9-4690-B7BE-919C4D1DD909}.Release|x86.ActiveCfg = Release|Win32
		{807E0397-81E9-4690-B7BE-919C4D1DD909}.Release|x86.Build.0 = Release|Win32
		{23EBE881-032E-4390-AED5-98AD565DB41B}.Debug|x64.ActiveCfg = Debug|x64
		{23EBE881-032E-4390-AED5-98AD565DB41B}.Debug|x64.Build.0 = Debug|x64
		{23EBE881-032E-4390-AED5-98AD565DB41B}.Debug|x86.ActiveCfg = Debug|Win32
		{23EBE881-032E-4390-AED5-98AD565DB41B}.Debug|x86.Build.0 = Debug|Win32
		{23EBE881-032E-4390-AED5-98AD565DB41B}.Release|x64.ActiveCfg = Release|x64
		{23EBE881-032E-4390-AED5-98AD565DB41B}.Release|x64.Build.0 = Release|x64
		{23EBE881-032E-4390-AED5-98AD565DB41B}.Release|x86.ActiveCfg = Release|Win32
		{23EBE881-032E-4390-AED5-98AD565DB41B}.Release|x86.Build.0 = Release|Win32
		{52C9871D-347C-440D-BD33-A1BA55F579AD}.Debug|x64.ActiveCfg = Debug|x64
		{52C9871D-347C-440D-BD33-A1BA55F579AD}.Debug|x64.Build.0 = Debug|x64
		{52C9871D-347C-440D-BD33-A1BA55F579AD}.Debug|x86.ActiveCfg = Debug|Win32
		{52C9871D-347C-440D-BD33-A1BA55F579AD}.Debug|x86.Build.0 = Debug|Win32
		{52C9871D-347C-440D-BD33-A1BA55F579AD}.Release|x64.ActiveCfg = Release|x64
		{52C9871D-347C-440D-BD33-A1BA55F579AD}.Release|x64.Build.0 = Release|x64
		{52C9871D-347C-440D-BD33-A1BA55F579AD}.Release|x86.ActiveCfg = Release|Win32
		{52C9871D-347C-440D-BD33-A1BA55F579AD}.Release|x86.Build.0 = Release|Win32
		{94638E4F-0E1E-4A09-9367-3A3A0F188AD5}.Debug|x64.ActiveCfg = Debug|x64
		{94638E4F-0E1E-4A09-9367-3A3A0F188AD5}.Debug|x64.Build.0 = Debug|x64
		{94638E4F-0E1E-4A09-9367-3A3A0F188AD5}.Debug|x86.ActiveCfg = Debug|Win32
		{94638E4F-0E1E-4A09-9367-3A3A0F188AD5}.Debug|x86.Build.0 = Debug|Win32
		{94638E4F-0E1E-4A09-9367-3A3A0F188AD5}.Release|x64.ActiveCfg = Release|x64
		{94638E4F-0E1E-4A09-9367-3A3A0F188AD5}.Release|x64.Build.0 = Release|x64
		{94638E4F-0E1E-4A09-9367-3A3A0F188AD5}.Release|x86.ActiveCfg = Release|Win32
		{94638E4F-0E1E-4A09-9367-3A3A0F188AD5}.Release|x86.Build.0 = Release|Win32
		{8661B7DC-A1D2-4979-84B7-2A03FDDA4558}.Debug|x64.ActiveCfg = Debug|x64
		{8661B7DC-A1D2-4979-84B7-2A03FDDA4558}.Debug|x64.Build.0 = Debug|x64
		{8661B7DC-A1D2-4979-84B7-2A03FDDA4558}.Debug|x86.ActiveCfg = Debug|Win32
		{8661B7DC-A1D2-4979-84B7-2A03FDDA4558}.Debug|x86.Build.0 = Debug|Win32
		{8661B7DC-A1D2-4979-84B7-2A03FDDA4558}.Release|x64.ActiveCfg = Release|x64
		{8661B7DC-A1D2-4979-84B7-2A03FDDA4558}.Release|x64.Build.0 = Release|x64
		{8661B7DC-A1D2-4979-84B7-2A03FDDA4558}.Release|x86.ActiveCfg = Release|Win32
		{8661B7DC-A1D2-4979-84B7-2A03FDDA4558}.Release|x86.Build.0 = Release|Win32
		{FB026EB9-4429-40E1-A0DF-9FB6DC3DD726}.Debug|x64.ActiveCfg = Debug|x64
		{FB026EB9-4429-40E1-A0DF-9FB6DC3DD726}.Debug|x64.Build.0 = Debug|x64
		{FB026EB9-4429-40E1-A0DF-9FB6DC3DD726}.Debug|x86.ActiveCfg = Debug|Win32
		{FB026EB9-4429-40E1-A0DF-9FB6DC3DD726}.Debug|x86.Build.0 = Debug|Win32
		{FB026EB9-4429-40E1-A0DF-9FB6DC3DD726}.Release|x64.ActiveCfg = Release|x64
		{FB026EB9-4429-40E1-A0DF-9FB6DC3DD726}.Release|x64.Build.0 = Release|x64
		{FB026EB9-4429-40E1-A0DF-9FB6DC3DD726}.Release|x86.ActiveCfg = Release|Win32
		{FB026EB9-4429-40E1-A0DF-9FB6DC3DD726}.Release|x86.Build.0 = Release|Win32
		{09438E38-EDB1-498A-9B84-321ABCEC966B}.Debug|x64.ActiveCfg = Debug|x64
		{09438E38-EDB1-498A-9B84-321ABCEC966B}.Debug|x64.Build.0 = Debug|x64
		{09438E38-EDB1-498A-9B84-321ABCEC966B}.Debug|x86.ActiveCfg = Debug|Win32
		{09438E38-EDB1-498A-9B84-321ABCEC966B}.Debug|x86.Build.0 = Debug|Win32
		{09438E38-EDB1-498A-9B84-321ABCEC966B}.Release|x64.ActiveCfg = Release|x64
		{09438E38-EDB1-498A-9B84-321ABCEC966B}.Release|x64.Build.0 = Release|x64
		{09438E38-EDB1-498A-9B84-321ABCEC966B}.Release|x86.ActiveCfg = Release|Win32
		{09438E38-EDB1-498A-9B84-321ABCEC966B}.Release|x86.Build.0 = Release|Win32
		{34445C4C-9C8C-4828-8255-96DD4057148C}.Debug|x64.ActiveCfg = Debug|x64
		{34445C4C-9C8C-4828-8255-96DD4057148C}.Debug|x64.Build.0 = Debug|x64
		{34445C4C-9C8C-4828-8255-96DD4057148C}.Debug|x86.ActiveCfg = Debug|Win32
		{34445C4C-9C8C-4828-8255-96DD4057148C}.Debug|x86.Build.0 = Debug|Win32
		{34445C4C-9C8C-4828-8255-96DD4057148C}.Release|x64.ActiveCfg = Release|x64
		{34445C4C-9C8C-4828-8255-96DD4057148C}.Release|x64.Build.0 = Release|x64
		{34445C4C-9C8C-4828-8255-96DD4057148C}.Release|x86.ActiveCfg = Release|Win32
		{34445C4C-9C8C-4828-8255-96DD4057148C}.Release|x86.Build.0 = Release|Win32
		{79442341-0D0B-405A-9655-2F35BAF0F9CA}.Debug|x64.ActiveCfg = Debug|x64
		{79442341-0D0B-405A-9655-2F35BAF0F9CA}.Debug|x64.Build.0 = Debug|x64
		{79442341-0D0B-405A-9655-2F35BAF0F9CA}.Debug|x86.ActiveCfg = Debug|Win32
		{79442341-0D0B-405A-9655-2F35BAF0F9CA}.Debug|x86.Build.0 = Debug|Win32
		{79442341-0D0B-405A-9655-2F35BAF0F9CA}.Release|x64.ActiveCfg = Release|x64
		{79442341-0D0B-405A-9655-2F35BAF0F9CA}.Release|x64.Build.0 = Release|x64
		{79442341-0D0B-405A-9655-2F35BAF0F9CA}.Release|x86.ActiveCfg = Release|Win32
		{79442341-0D0B-405A-9655-2F35BAF0F9CA}.Release|x86.Build.0 = Release|Win32
		{EB285710-5F8B-4638-A240-726FAE608368}.Debug|x64.ActiveCfg = Debug|x64
		{EB285710-5F8B-4638-A240-726FAE608368}.Debug|x64.Build.0 = Debug|x64
		{EB285710-5F8B-4638-A240-726FAE608368}.Debug|x86.ActiveCfg = Debug|Win32
		{EB285710-5F8B-4638-A240-726FAE608368}.Debug|x86.Build.0 = Debug|Win32
		{EB285710-5F8B-4638-A240-726FAE608368}.Release|x64.ActiveCfg = Release|x64
		{EB285710-5F8B-4638-A240-726FAE608368}.Release|x64.Build.0 = Release|x64
		{EB285710-5F8B-4638-A240-726FAE608368}.Release|x86.ActiveCfg = Release|Win32
		{EB285710-5F8B-4638-A240-726FAE608368}.Release|x86.Build.0 = Release|Win32
		{AB8B1A2A-32E5-4F9A-AA33-B50EC6F7B9A1}.Debug|x64.ActiveCfg = Debug|x64
		{AB8B1A2A-32E5-4F9A-AA33-B50EC6F7B9A1}.Debug|x64.Build.0 = Debug|x64
		{AB8B1A2A-32E5-4F9A-AA33-B50EC6F7B9A1}.Debug|x86.ActiveCfg = Debug|Win32
		{AB8B1A2A-32E5-4F9A-AA33-B50EC6F7B9A1}.Debug|x86.Build.0 = Debug|Win32
		{AB8B1A2A-32E5-4F9A-AA33-B50EC6F7B9A1}.Release|x64.ActiveCfg = Release|x64
		{AB8B1A2A-32E5-4F9A-AA33-B50EC6F7B9A1}.Release|x64.Build.0 = Release|x64
		{AB8B1A2A-32E5-4F9A-AA33-B50EC6F7B9A1}.Release|x86.ActiveCfg = Release|Win32
		{AB8B1A2A-32E5-4F9A-AA33-B50EC6F7B9A1}.Release|x86.Build.0 = Release|Win32
		{500E7D3C-654A-4D16-97AD-0152EBE82A60}.Debug|x64.ActiveCfg = Debug|x64
		{500E7D3C-654A-4D16-97AD-0152EBE82A60}.Debug|x64.Build.0 = Debug|x64
		{500E7D3C-654A-4D16-97AD-0152EBE82A60}.Debug|x86.ActiveCfg = Debug|Win32
		{500E7D3C-654A-4D16-97AD-0152EBE82A60}.Debug|x86.Build.0 = Debug|Win32
		{500E7D3C-654A-4D16-97AD-0152EBE82A60}.Release|x64.ActiveCfg = Release|x64
		{500E7D3C-654A-4D16-97AD-0152EBE82A60}.Release|x64.Build.0 = Release|x64
		{500E7D3C-654A-4D16-97AD-0152EBE82A60}.Release|x86.ActiveCfg = Release|Win32
		{500E7D3C-654A-4D16-97AD-0152EBE82A60}.Release|x86.Build.0 = Release|Win32
		{203325FE-32F7-44FA-9C29-7595D22D7DE4}.Debug|x64.ActiveCfg = Debug|x64
		{203325FE-32F7-44FA-9C29-7595D22D7DE4}.Debug|x64.Build.0 = Debug|x64
		{203325FE-32F7-44FA-9C29-7595D22D7DE4}.Debug|x86.ActiveCfg = Debug|Win32
		{203325FE-32F7-44FA-9C29-7595D22D7DE4}.Debug|x86.Build.0 = Debug|Win32
		{203325FE-32F7-44FA-9C29-7595D22D7DE4}.Release|x64.ActiveCfg = Release|x64
		{203325FE-32F7-44FA-9C29-7595D22D7DE4}.Release|x64.Build.0 = Release|x64
		{203325FE-32F7-44FA-9C29-7595D22D7DE4}.Release|x86.ActiveCfg = Release|Win32
		{203325FE-32F7-44FA-9C29-7595D22D7DE4}.Release|x86.Build.0 = Release|Win32
		{AC0AD950-D777-4105-84F5-668F2DFBB78F}.Debug|x64.ActiveCfg = Debug|x64
		{AC0AD950-D777-4105-84F5-668F2DFBB78F}.Debug|x64.Build.0 = Debug|x64
		{AC0AD950-D777-4105-84F5-668F2DFBB78F}.Debug|x86.ActiveCfg = Debug|Win32
		{AC0AD950-D777-4105-84F5-668F2DFBB78F}.Debug|x86.Build.0 = Debug|Win32
		{AC0AD950-D777-4105-84F5-668F2DFBB78F}.Release|x64.ActiveCfg = Release|x64
		{AC0AD950-D777-4105-84F5-668F2DFBB78F}.Release|x64.Build.0 = Release|x64
		{AC0AD950-D777-4105-84F5-668F2DFBB78F}.Release|x86.ActiveCfg = Release|Win32
		{AC0AD950-D777-4105-84F5-668F2DFBB78F}.Release|x86.Build.0 = Release|Win32
	EndGlobalSection
	GlobalSection(SolutionProperties) = preSolution
		HideSolutionNode = FALSE
	EndGlobalSection
	GlobalSection(ExtensibilityGlobals) = postSolution
		SolutionGuid = {9F364571-6572-4A87-BDEA-F8F1B328CAC1}
	EndGlobalSection
EndGlobal
